// !$*UTF8*$!
{
	archiveVersion = 1;
	classes = {
	};
	objectVersion = 46;
	objects = {

/* Begin PBXBuildFile section */
		161E523F1E0E2412004D62AE /* QMSCSdkBridge.mm in Sources */ = {isa = PBXBuildFile; fileRef = 161E523A1E0E2412004D62AE /* QMSCSdkBridge.mm */; };
		161E52401E0E2412004D62AE /* QMSCSDKIOS.mm in Sources */ = {isa = PBXBuildFile; fileRef = 161E523C1E0E2412004D62AE /* QMSCSDKIOS.mm */; };
		161E52411E0E2412004D62AE /* QMSCSDK.cpp in Sources */ = {isa = PBXBuildFile; fileRef = 161E523D1E0E2412004D62AE /* QMSCSDK.cpp */; };
		161E52431E0E243D004D62AE /* iflyMSC.framework in Frameworks */ = {isa = PBXBuildFile; fileRef = 161E52421E0E243D004D62AE /* iflyMSC.framework */; };
		161E52451E0E250F004D62AE /* Contacts.framework in Frameworks */ = {isa = PBXBuildFile; fileRef = 161E52441E0E250F004D62AE /* Contacts.framework */; };
		161E52471E0E2539004D62AE /* libc++.tbd in Frameworks */ = {isa = PBXBuildFile; fileRef = 161E52461E0E2539004D62AE /* libc++.tbd */; };
		161E52651E0E6D86004D62AE /* libogg.a in Frameworks */ = {isa = PBXBuildFile; fileRef = 161E52511E0E6D86004D62AE /* libogg.a */; };
		161E52661E0E6D86004D62AE /* libspeex.a in Frameworks */ = {isa = PBXBuildFile; fileRef = 161E52611E0E6D86004D62AE /* libspeex.a */; };
		161E52671E0E6D86004D62AE /* libspeexdsp.a in Frameworks */ = {isa = PBXBuildFile; fileRef = 161E52621E0E6D86004D62AE /* libspeexdsp.a */; };
		161E52681E0E6D86004D62AE /* SpeexCodec.mm in Sources */ = {isa = PBXBuildFile; fileRef = 161E52641E0E6D86004D62AE /* SpeexCodec.mm */; };
		161E89E3192F347100335FE2 /* QVideoPlayer.cpp in Sources */ = {isa = PBXBuildFile; fileRef = 161E89E1192F347100335FE2 /* QVideoPlayer.cpp */; };
		16338DB31B8B068700405283 /* libpcre.a in Frameworks */ = {isa = PBXBuildFile; fileRef = 16338DB21B8B068700405283 /* libpcre.a */; };
		163A4D6919E7CF8D0041D4AA /* Q2Common.cpp in Sources */ = {isa = PBXBuildFile; fileRef = 163A4D6819E7CF8D0041D4AA /* Q2Common.cpp */; };
		164701FC1E2DC92900A615B7 /* AVAudioSession+AddAction.mm in Sources */ = {isa = PBXBuildFile; fileRef = 164701FB1E2DC92900A615B7 /* AVAudioSession+AddAction.mm */; };
		16562C3F1E0968AA00D6DAD0 /* QPathUtils.mm in Sources */ = {isa = PBXBuildFile; fileRef = 16562C3E1E0968AA00D6DAD0 /* QPathUtils.mm */; };
		1657BA691A8C9EB600ADFD87 /* Images.xcassets in Resources */ = {isa = PBXBuildFile; fileRef = 1657BA681A8C9EB600ADFD87 /* Images.xcassets */; };
		1657BA731A8CA04800ADFD87 /* icon76.png in Resources */ = {isa = PBXBuildFile; fileRef = 1657BA711A8CA04800ADFD87 /* icon76.png */; };
		169BAA7A1B8AFF2000D9A9D5 /* libpng.a in Frameworks */ = {isa = PBXBuildFile; fileRef = 169BAA791B8AFF2000D9A9D5 /* libpng.a */; };
		169BAA7C1B8AFF4D00D9A9D5 /* libbullet.a in Frameworks */ = {isa = PBXBuildFile; fileRef = 169BAA7B1B8AFF4D00D9A9D5 /* libbullet.a */; };
		169BAA7E1B8AFFBA00D9A9D5 /* libcurl.a in Frameworks */ = {isa = PBXBuildFile; fileRef = 169BAA7D1B8AFFBA00D9A9D5 /* libcurl.a */; };
		169BAA801B8AFFDF00D9A9D5 /* libwebp.a in Frameworks */ = {isa = PBXBuildFile; fileRef = 169BAA7F1B8AFFDF00D9A9D5 /* libwebp.a */; };
		169BAA821B8B003C00D9A9D5 /* libevent.a in Frameworks */ = {isa = PBXBuildFile; fileRef = 169BAA811B8B003C00D9A9D5 /* libevent.a */; };
		16C9EB571E6EF8C800579B0C /* MSDKResources.bundle in Resources */ = {isa = PBXBuildFile; fileRef = 16CB35491DE5E059003F6E79 /* MSDKResources.bundle */; };
		16CB35591DE5E059003F6E79 /* MSDK.framework in Frameworks */ = {isa = PBXBuildFile; fileRef = 16CB35481DE5E059003F6E79 /* MSDK.framework */; };
		16CB355B1DE5E059003F6E79 /* MSDKFoundation.framework in Frameworks */ = {isa = PBXBuildFile; fileRef = 16CB354B1DE5E059003F6E79 /* MSDKFoundation.framework */; };
		16CB355C1DE5E059003F6E79 /* MSDKMarketing.framework in Frameworks */ = {isa = PBXBuildFile; fileRef = 16CB354D1DE5E059003F6E79 /* MSDKMarketing.framework */; };
		16CB355D1DE5E059003F6E79 /* WGPlatformResources.bundle in Resources */ = {isa = PBXBuildFile; fileRef = 16CB354E1DE5E059003F6E79 /* WGPlatformResources.bundle */; };
		16CB355E1DE5E059003F6E79 /* MSDKXG.framework in Frameworks */ = {isa = PBXBuildFile; fileRef = 16CB35501DE5E059003F6E79 /* MSDKXG.framework */; };
		16CB355F1DE5E059003F6E79 /* QMSDK.mm in Sources */ = {isa = PBXBuildFile; fileRef = 16CB35521DE5E059003F6E79 /* QMSDK.mm */; };
		16CB35601DE5E059003F6E79 /* QMSDKBridge.mm in Sources */ = {isa = PBXBuildFile; fileRef = 16CB35541DE5E059003F6E79 /* QMSDKBridge.mm */; };
		16CB35611DE5E059003F6E79 /* QSDKIOS.cpp in Sources */ = {isa = PBXBuildFile; fileRef = 16CB35551DE5E059003F6E79 /* QSDKIOS.cpp */; };
		16CB35681DE5E26B003F6E79 /* MessageUI.framework in Frameworks */ = {isa = PBXBuildFile; fileRef = 16CB35671DE5E26B003F6E79 /* MessageUI.framework */; };
		16CB356A1DE5E2AB003F6E79 /* JavaScriptCore.framework in Frameworks */ = {isa = PBXBuildFile; fileRef = 16CB35691DE5E2AB003F6E79 /* JavaScriptCore.framework */; };
		16CB357A1DE69817003F6E79 /* MidasIAPSDK.framework in Frameworks */ = {isa = PBXBuildFile; fileRef = 16CB35791DE69817003F6E79 /* MidasIAPSDK.framework */; };
		16CB357C1DE69876003F6E79 /* MidasIAPSDK.bundle in Resources */ = {isa = PBXBuildFile; fileRef = 16CB357B1DE69876003F6E79 /* MidasIAPSDK.bundle */; };
		16CB35861DE6BEE8003F6E79 /* libAPMidasInterface.a in Frameworks */ = {isa = PBXBuildFile; fileRef = 16CB35851DE6BEE8003F6E79 /* libAPMidasInterface.a */; };
		16E71AC21D41C97F003DD215 /* Security.framework in Frameworks */ = {isa = PBXBuildFile; fileRef = F456F10615EE0D3500FCF3E2 /* Security.framework */; };
		16EF668119D10E3F00CE8A46 /* LuaQ2Common.cpp in Sources */ = {isa = PBXBuildFile; fileRef = 16EF667D19D10E3F00CE8A46 /* LuaQ2Common.cpp */; };
		41E409241DE2FEAC00DF0301 /* libgameplay.a in Frameworks */ = {isa = PBXBuildFile; fileRef = 41E409231DE2FDAD00DF0301 /* libgameplay.a */; };
		41E409251DE2FEB100DF0301 /* libquickcocos2dx.a in Frameworks */ = {isa = PBXBuildFile; fileRef = 41E4091B1DE2FDAB00DF0301 /* libquickcocos2dx.a */; };
		5F48CAEC1DE9838B00BE3891 /* QShareSDKIOS.mm in Sources */ = {isa = PBXBuildFile; fileRef = 5F48CADB1DE9838B00BE3891 /* QShareSDKIOS.mm */; };
		5F48CAF11DE9838B00BE3891 /* QShareSDK.cpp in Sources */ = {isa = PBXBuildFile; fileRef = 5F48CAE51DE9838B00BE3891 /* QShareSDK.cpp */; };
		5F6627E31DDC028F00F85620 /* StoreKit.framework in Frameworks */ = {isa = PBXBuildFile; fileRef = 5F6627E21DDC028F00F85620 /* StoreKit.framework */; };
		5F6627E91DDC097F00F85620 /* libz.tbd in Frameworks */ = {isa = PBXBuildFile; fileRef = 5F6627E81DDC097F00F85620 /* libz.tbd */; };
		5F6627EB1DDC098800F85620 /* libstdc++.tbd in Frameworks */ = {isa = PBXBuildFile; fileRef = 5F6627EA1DDC098800F85620 /* libstdc++.tbd */; };
		5F6627ED1DDC099300F85620 /* libz.1.1.3.tbd in Frameworks */ = {isa = PBXBuildFile; fileRef = 5F6627EC1DDC099200F85620 /* libz.1.1.3.tbd */; };
		5F6627EF1DDC099D00F85620 /* libsqlite3.tbd in Frameworks */ = {isa = PBXBuildFile; fileRef = 5F6627EE1DDC099D00F85620 /* libsqlite3.tbd */; };
		5F6627F11DDC09A500F85620 /* libstdc++.6.0.9.tbd in Frameworks */ = {isa = PBXBuildFile; fileRef = 5F6627F01DDC09A500F85620 /* libstdc++.6.0.9.tbd */; };
		5F6627F31DDC09F400F85620 /* CoreData.framework in Frameworks */ = {isa = PBXBuildFile; fileRef = 5F6627F21DDC09F400F85620 /* CoreData.framework */; };
		5F6627F51DDC0A0100F85620 /* CoreLocation.framework in Frameworks */ = {isa = PBXBuildFile; fileRef = 5F6627F41DDC0A0100F85620 /* CoreLocation.framework */; };
		5F6627F71DDC0A0700F85620 /* ImageIO.framework in Frameworks */ = {isa = PBXBuildFile; fileRef = 5F6627F61DDC0A0700F85620 /* ImageIO.framework */; };
		5F6627F91DDC0A1A00F85620 /* AdSupport.framework in Frameworks */ = {isa = PBXBuildFile; fileRef = 5F6627F81DDC0A1A00F85620 /* AdSupport.framework */; };
		5FE3C93A1DDC31D2008EC93B /* QSDKCommon.cpp in Sources */ = {isa = PBXBuildFile; fileRef = 5FE3C9301DDC31D2008EC93B /* QSDKCommon.cpp */; };
		8F3A93CF1DDF342000AD3375 /* Default-Landscape@2x~ipad.png in Resources */ = {isa = PBXBuildFile; fileRef = 8F3A93C31DDF342000AD3375 /* Default-Landscape@2x~ipad.png */; };
		8F3A93D01DDF342000AD3375 /* Default-Landscape~ipad.png in Resources */ = {isa = PBXBuildFile; fileRef = 8F3A93C41DDF342000AD3375 /* Default-Landscape~ipad.png */; };
		8F3A93D11DDF342000AD3375 /* icon29.png in Resources */ = {isa = PBXBuildFile; fileRef = 8F3A93C51DDF342000AD3375 /* icon29.png */; };
		8F3A93D21DDF342000AD3375 /* icon57.png in Resources */ = {isa = PBXBuildFile; fileRef = 8F3A93C61DDF342000AD3375 /* icon57.png */; };
		8F3A93D31DDF342000AD3375 /* icon58.png in Resources */ = {isa = PBXBuildFile; fileRef = 8F3A93C71DDF342000AD3375 /* icon58.png */; };
		8F3A93D41DDF342000AD3375 /* icon72.png in Resources */ = {isa = PBXBuildFile; fileRef = 8F3A93C81DDF342000AD3375 /* icon72.png */; };
		8F3A93D51DDF342000AD3375 /* icon114.png in Resources */ = {isa = PBXBuildFile; fileRef = 8F3A93C91DDF342000AD3375 /* icon114.png */; };
		8F3A93D61DDF342000AD3375 /* icon120.png in Resources */ = {isa = PBXBuildFile; fileRef = 8F3A93CA1DDF342000AD3375 /* icon120.png */; };
		8F3A93D71DDF342000AD3375 /* icon144.png in Resources */ = {isa = PBXBuildFile; fileRef = 8F3A93CB1DDF342000AD3375 /* icon144.png */; };
		8F3A93D81DDF342000AD3375 /* icon152.png in Resources */ = {isa = PBXBuildFile; fileRef = 8F3A93CC1DDF342000AD3375 /* icon152.png */; };
		8F3A93D91DDF342000AD3375 /* icon167.png in Resources */ = {isa = PBXBuildFile; fileRef = 8F3A93CD1DDF342000AD3375 /* icon167.png */; };
		8F3A93DA1DDF342000AD3375 /* icon180.png in Resources */ = {isa = PBXBuildFile; fileRef = 8F3A93CE1DDF342000AD3375 /* icon180.png */; };
		8F8EEEC01DDDE34900E96913 /* CCGameThread.cpp in Sources */ = {isa = PBXBuildFile; fileRef = 8F8EEEB31DDDE34900E96913 /* CCGameThread.cpp */; };
		8F8EEEC11DDDE34900E96913 /* CCLayer3D.cpp in Sources */ = {isa = PBXBuildFile; fileRef = 8F8EEEB51DDDE34900E96913 /* CCLayer3D.cpp */; };
		8F8EEEC21DDDE34900E96913 /* CCPlatform3D.cpp in Sources */ = {isa = PBXBuildFile; fileRef = 8F8EEEB71DDDE34900E96913 /* CCPlatform3D.cpp */; };
		8F8EEEC31DDDE34900E96913 /* CCPlistFrame.cpp in Sources */ = {isa = PBXBuildFile; fileRef = 8F8EEEB91DDDE34900E96913 /* CCPlistFrame.cpp */; };
		8F8EEEC41DDDE34900E96913 /* CCRenderTarget3D.cpp in Sources */ = {isa = PBXBuildFile; fileRef = 8F8EEEBB1DDDE34900E96913 /* CCRenderTarget3D.cpp */; };
		8F8EEEC51DDDE34900E96913 /* lua_extra.cpp in Sources */ = {isa = PBXBuildFile; fileRef = 8F8EEEBD1DDDE34900E96913 /* lua_extra.cpp */; };
		8F8EEEC61DDDE34900E96913 /* LuaGame.cpp in Sources */ = {isa = PBXBuildFile; fileRef = 8F8EEEBE1DDDE34900E96913 /* LuaGame.cpp */; };
		8F8EEED11DDDE39E00E96913 /* CCVideoPlayer.m in Sources */ = {isa = PBXBuildFile; fileRef = 8F8EEECA1DDDE39E00E96913 /* CCVideoPlayer.m */; };
		8F8EEED21DDDE39E00E96913 /* CCVideoPlayerImpliOS.m in Sources */ = {isa = PBXBuildFile; fileRef = 8F8EEECC1DDDE39E00E96913 /* CCVideoPlayerImpliOS.m */; };
		8F8EEED31DDDE39E00E96913 /* IOSPlayVedio.mm in Sources */ = {isa = PBXBuildFile; fileRef = 8F8EEECE1DDDE39E00E96913 /* IOSPlayVedio.mm */; };
		8F8EEED41DDDE39E00E96913 /* videoOverlayView.m in Sources */ = {isa = PBXBuildFile; fileRef = 8F8EEED01DDDE39E00E96913 /* videoOverlayView.m */; };
		8F8EEEE01DDDE62E00E96913 /* libcrypto.a in Frameworks */ = {isa = PBXBuildFile; fileRef = 8F8EEEDE1DDDE62E00E96913 /* libcrypto.a */; };
		8F8EEEE11DDDE62E00E96913 /* libssl.a in Frameworks */ = {isa = PBXBuildFile; fileRef = 8F8EEEDF1DDDE62E00E96913 /* libssl.a */; };
		EA115021196A3B9600F0D731 /* AppDelegate.cpp in Sources */ = {isa = PBXBuildFile; fileRef = EA115020196A3B9600F0D731 /* AppDelegate.cpp */; };
		EA115027196A45A000F0D731 /* SimulatorConfig.cpp in Sources */ = {isa = PBXBuildFile; fileRef = EA115026196A45A000F0D731 /* SimulatorConfig.cpp */; };
		EA267B2019EF7856003C0410 /* MediaPlayer.framework in Frameworks */ = {isa = PBXBuildFile; fileRef = EA267B1F19EF7856003C0410 /* MediaPlayer.framework */; };
		EA65F5A01A8C63E50016760F /* Default-568h@2x.png in Resources */ = {isa = PBXBuildFile; fileRef = EA65F5991A8C63E50016760F /* Default-568h@2x.png */; };
		EA65F5A11A8C63E50016760F /* Default.png in Resources */ = {isa = PBXBuildFile; fileRef = EA65F59A1A8C63E50016760F /* Default.png */; };
		EA65F5A21A8C63E50016760F /* Default@2x.png in Resources */ = {isa = PBXBuildFile; fileRef = EA65F59B1A8C63E50016760F /* Default@2x.png */; };
		F452BFC51687EEF900DC5BCC /* CoreText.framework in Frameworks */ = {isa = PBXBuildFile; fileRef = F452BFC41687EEF900DC5BCC /* CoreText.framework */; };
		F452BFD01687F0F200DC5BCC /* UIKit.framework in Frameworks */ = {isa = PBXBuildFile; fileRef = F452BFCF1687F0F200DC5BCC /* UIKit.framework */; };
		F456ECC615EE018E00FCF3E2 /* QuartzCore.framework in Frameworks */ = {isa = PBXBuildFile; fileRef = F456ECC515EE018E00FCF3E2 /* QuartzCore.framework */; };
		F456ECC815EE018E00FCF3E2 /* OpenGLES.framework in Frameworks */ = {isa = PBXBuildFile; fileRef = F456ECC715EE018E00FCF3E2 /* OpenGLES.framework */; };
		F456ECCA15EE018E00FCF3E2 /* OpenAL.framework in Frameworks */ = {isa = PBXBuildFile; fileRef = F456ECC915EE018E00FCF3E2 /* OpenAL.framework */; };
		F456ECCC15EE018E00FCF3E2 /* AudioToolbox.framework in Frameworks */ = {isa = PBXBuildFile; fileRef = F456ECCB15EE018E00FCF3E2 /* AudioToolbox.framework */; };
		F456ECCE15EE018E00FCF3E2 /* AVFoundation.framework in Frameworks */ = {isa = PBXBuildFile; fileRef = F456ECCD15EE018E00FCF3E2 /* AVFoundation.framework */; };
		F456ECD215EE018E00FCF3E2 /* Foundation.framework in Frameworks */ = {isa = PBXBuildFile; fileRef = F456ECD115EE018E00FCF3E2 /* Foundation.framework */; };
		F456ECD415EE018E00FCF3E2 /* CoreGraphics.framework in Frameworks */ = {isa = PBXBuildFile; fileRef = F456ECD315EE018E00FCF3E2 /* CoreGraphics.framework */; };
		F456F0F915EE0CDB00FCF3E2 /* CFNetwork.framework in Frameworks */ = {isa = PBXBuildFile; fileRef = F456F0F815EE0CDB00FCF3E2 /* CFNetwork.framework */; };
		F456F0FD15EE0CF600FCF3E2 /* SystemConfiguration.framework in Frameworks */ = {isa = PBXBuildFile; fileRef = F456F0FC15EE0CF600FCF3E2 /* SystemConfiguration.framework */; };
		F456F10515EE0D2D00FCF3E2 /* MobileCoreServices.framework in Frameworks */ = {isa = PBXBuildFile; fileRef = F456F10415EE0D2D00FCF3E2 /* MobileCoreServices.framework */; };
		F4949C791699553B00DB561E /* AddressBook.framework in Frameworks */ = {isa = PBXBuildFile; fileRef = F4949C781699553B00DB561E /* AddressBook.framework */; };
		F4949C7B1699554600DB561E /* CoreTelephony.framework in Frameworks */ = {isa = PBXBuildFile; fileRef = F4949C7A1699554600DB561E /* CoreTelephony.framework */; settings = {ATTRIBUTES = (Weak, ); }; };
		F4D26BCC16C7D0D2004442B6 /* AppController.mm in Sources */ = {isa = PBXBuildFile; fileRef = F4D26BC816C7D0D2004442B6 /* AppController.mm */; };
		F4D26BCD16C7D0D2004442B6 /* main.m in Sources */ = {isa = PBXBuildFile; fileRef = F4D26BC916C7D0D2004442B6 /* main.m */; };
		F4D26BCE16C7D0D2004442B6 /* RootViewController.mm in Sources */ = {isa = PBXBuildFile; fileRef = F4D26BCB16C7D0D2004442B6 /* RootViewController.mm */; };
		FF038F711DF5929E00A6A9FF /* filelist.lua in Resources */ = {isa = PBXBuildFile; fileRef = FF038F6D1DF5929E00A6A9FF /* filelist.lua */; };
		FF038F721DF5929E00A6A9FF /* res in Resources */ = {isa = PBXBuildFile; fileRef = FF038F6E1DF5929E00A6A9FF /* res */; };
		FF038F731DF5929E00A6A9FF /* scripts in Resources */ = {isa = PBXBuildFile; fileRef = FF038F6F1DF5929E00A6A9FF /* scripts */; };
		FF038F921DF7EDDF00A6A9FF /* libtersafe.a in Frameworks */ = {isa = PBXBuildFile; fileRef = FF038F901DF7EDDF00A6A9FF /* libtersafe.a */; };
		FF038F9A1DF7EDEF00A6A9FF /* QTssSDKIOS.mm in Sources */ = {isa = PBXBuildFile; fileRef = FF038F951DF7EDEF00A6A9FF /* QTssSDKIOS.mm */; };
		FF038F9B1DF7EDEF00A6A9FF /* QTssSDK.cpp in Sources */ = {isa = PBXBuildFile; fileRef = FF038F961DF7EDEF00A6A9FF /* QTssSDK.cpp */; };
/* End PBXBuildFile section */

/* Begin PBXContainerItemProxy section */
		16795B9E1E55B04B005798DD /* PBXContainerItemProxy */ = {
			isa = PBXContainerItemProxy;
			containerPortal = 8F8EEE931DDDDE7700E96913 /* gameplay.xcodeproj */;
			proxyType = 2;
			remoteGlobalIDString = 4234D99A14686C52003031B3;
			remoteInfo = "gameplay-macosx";
		};
		41E4091A1DE2FDAB00DF0301 /* PBXContainerItemProxy */ = {
			isa = PBXContainerItemProxy;
			containerPortal = 8F8EEE841DDDDD0B00E96913 /* quickcocos2dx.xcodeproj */;
			proxyType = 2;
			remoteGlobalIDString = F45A2B9D166B07B600760194;
			remoteInfo = quickcocos2dx;
		};
		41E409221DE2FDAD00DF0301 /* PBXContainerItemProxy */ = {
			isa = PBXContainerItemProxy;
			containerPortal = 8F8EEE931DDDDE7700E96913 /* gameplay.xcodeproj */;
			proxyType = 2;
			remoteGlobalIDString = 5B04C5CA14BFCFE100EB0071;
			remoteInfo = "gameplay-ios";
		};
/* End PBXContainerItemProxy section */

/* Begin PBXFileReference section */
		161E52391E0E2412004D62AE /* QMSCSdkBridge.h */ = {isa = PBXFileReference; fileEncoding = 4; lastKnownFileType = sourcecode.c.h; path = QMSCSdkBridge.h; sourceTree = "<group>"; };
		161E523A1E0E2412004D62AE /* QMSCSdkBridge.mm */ = {isa = PBXFileReference; fileEncoding = 4; lastKnownFileType = sourcecode.cpp.objcpp; path = QMSCSdkBridge.mm; sourceTree = "<group>"; };
		161E523B1E0E2412004D62AE /* QMSCSDKIOS.h */ = {isa = PBXFileReference; fileEncoding = 4; lastKnownFileType = sourcecode.c.h; path = QMSCSDKIOS.h; sourceTree = "<group>"; };
		161E523C1E0E2412004D62AE /* QMSCSDKIOS.mm */ = {isa = PBXFileReference; fileEncoding = 4; lastKnownFileType = sourcecode.cpp.objcpp; path = QMSCSDKIOS.mm; sourceTree = "<group>"; };
		161E523D1E0E2412004D62AE /* QMSCSDK.cpp */ = {isa = PBXFileReference; fileEncoding = 4; lastKnownFileType = sourcecode.cpp.cpp; path = QMSCSDK.cpp; sourceTree = "<group>"; };
		161E523E1E0E2412004D62AE /* QMSCSDK.h */ = {isa = PBXFileReference; fileEncoding = 4; lastKnownFileType = sourcecode.c.h; path = QMSCSDK.h; sourceTree = "<group>"; };
		161E52421E0E243D004D62AE /* iflyMSC.framework */ = {isa = PBXFileReference; lastKnownFileType = wrapper.framework; path = iflyMSC.framework; sourceTree = "<group>"; };
		161E52441E0E250F004D62AE /* Contacts.framework */ = {isa = PBXFileReference; lastKnownFileType = wrapper.framework; name = Contacts.framework; path = System/Library/Frameworks/Contacts.framework; sourceTree = SDKROOT; };
		161E52461E0E2539004D62AE /* libc++.tbd */ = {isa = PBXFileReference; lastKnownFileType = "sourcecode.text-based-dylib-definition"; name = "libc++.tbd"; path = "usr/lib/libc++.tbd"; sourceTree = SDKROOT; };
		161E524E1E0E6D86004D62AE /* config_types.h */ = {isa = PBXFileReference; fileEncoding = 4; lastKnownFileType = sourcecode.c.h; path = config_types.h; sourceTree = "<group>"; };
		161E524F1E0E6D86004D62AE /* ogg.h */ = {isa = PBXFileReference; fileEncoding = 4; lastKnownFileType = sourcecode.c.h; path = ogg.h; sourceTree = "<group>"; };
		161E52501E0E6D86004D62AE /* os_types.h */ = {isa = PBXFileReference; fileEncoding = 4; lastKnownFileType = sourcecode.c.h; path = os_types.h; sourceTree = "<group>"; };
		161E52511E0E6D86004D62AE /* libogg.a */ = {isa = PBXFileReference; lastKnownFileType = archive.ar; path = libogg.a; sourceTree = "<group>"; };
		161E52551E0E6D86004D62AE /* speex.h */ = {isa = PBXFileReference; fileEncoding = 4; lastKnownFileType = sourcecode.c.h; path = speex.h; sourceTree = "<group>"; };
		161E52561E0E6D86004D62AE /* speex_bits.h */ = {isa = PBXFileReference; fileEncoding = 4; lastKnownFileType = sourcecode.c.h; path = speex_bits.h; sourceTree = "<group>"; };
		161E52571E0E6D86004D62AE /* speex_buffer.h */ = {isa = PBXFileReference; fileEncoding = 4; lastKnownFileType = sourcecode.c.h; path = speex_buffer.h; sourceTree = "<group>"; };
		161E52581E0E6D86004D62AE /* speex_callbacks.h */ = {isa = PBXFileReference; fileEncoding = 4; lastKnownFileType = sourcecode.c.h; path = speex_callbacks.h; sourceTree = "<group>"; };
		161E52591E0E6D86004D62AE /* speex_config_types.h */ = {isa = PBXFileReference; fileEncoding = 4; lastKnownFileType = sourcecode.c.h; path = speex_config_types.h; sourceTree = "<group>"; };
		161E525A1E0E6D86004D62AE /* speex_echo.h */ = {isa = PBXFileReference; fileEncoding = 4; lastKnownFileType = sourcecode.c.h; path = speex_echo.h; sourceTree = "<group>"; };
		161E525B1E0E6D86004D62AE /* speex_header.h */ = {isa = PBXFileReference; fileEncoding = 4; lastKnownFileType = sourcecode.c.h; path = speex_header.h; sourceTree = "<group>"; };
		161E525C1E0E6D86004D62AE /* speex_jitter.h */ = {isa = PBXFileReference; fileEncoding = 4; lastKnownFileType = sourcecode.c.h; path = speex_jitter.h; sourceTree = "<group>"; };
		161E525D1E0E6D86004D62AE /* speex_preprocess.h */ = {isa = PBXFileReference; fileEncoding = 4; lastKnownFileType = sourcecode.c.h; path = speex_preprocess.h; sourceTree = "<group>"; };
		161E525E1E0E6D86004D62AE /* speex_resampler.h */ = {isa = PBXFileReference; fileEncoding = 4; lastKnownFileType = sourcecode.c.h; path = speex_resampler.h; sourceTree = "<group>"; };
		161E525F1E0E6D86004D62AE /* speex_stereo.h */ = {isa = PBXFileReference; fileEncoding = 4; lastKnownFileType = sourcecode.c.h; path = speex_stereo.h; sourceTree = "<group>"; };
		161E52601E0E6D86004D62AE /* speex_types.h */ = {isa = PBXFileReference; fileEncoding = 4; lastKnownFileType = sourcecode.c.h; path = speex_types.h; sourceTree = "<group>"; };
		161E52611E0E6D86004D62AE /* libspeex.a */ = {isa = PBXFileReference; lastKnownFileType = archive.ar; path = libspeex.a; sourceTree = "<group>"; };
		161E52621E0E6D86004D62AE /* libspeexdsp.a */ = {isa = PBXFileReference; lastKnownFileType = archive.ar; path = libspeexdsp.a; sourceTree = "<group>"; };
		161E52631E0E6D86004D62AE /* SpeexCodec.h */ = {isa = PBXFileReference; fileEncoding = 4; lastKnownFileType = sourcecode.c.h; path = SpeexCodec.h; sourceTree = "<group>"; };
		161E52641E0E6D86004D62AE /* SpeexCodec.mm */ = {isa = PBXFileReference; fileEncoding = 4; lastKnownFileType = sourcecode.cpp.objcpp; path = SpeexCodec.mm; sourceTree = "<group>"; };
		161E89E1192F347100335FE2 /* QVideoPlayer.cpp */ = {isa = PBXFileReference; fileEncoding = 4; lastKnownFileType = sourcecode.cpp.cpp; path = QVideoPlayer.cpp; sourceTree = "<group>"; };
		161E89E2192F347100335FE2 /* QVideoPlayer.h */ = {isa = PBXFileReference; fileEncoding = 4; lastKnownFileType = sourcecode.c.h; path = QVideoPlayer.h; sourceTree = "<group>"; };
		16338DB21B8B068700405283 /* libpcre.a */ = {isa = PBXFileReference; lastKnownFileType = archive.ar; name = libpcre.a; path = ../../gameplay3d/lib/qtz_component/pcre/ios/libpcre.a; sourceTree = "<group>"; };
		163A4D6819E7CF8D0041D4AA /* Q2Common.cpp */ = {isa = PBXFileReference; fileEncoding = 4; lastKnownFileType = sourcecode.cpp.cpp; path = Q2Common.cpp; sourceTree = "<group>"; };
		1641BF681A0A526B003C31FD /* Default-568h@2x.png */ = {isa = PBXFileReference; lastKnownFileType = image.png; path = "Default-568h@2x.png"; sourceTree = "<group>"; };
		164701FA1E2DC92900A615B7 /* AVAudioSession+AddAction.h */ = {isa = PBXFileReference; fileEncoding = 4; lastKnownFileType = sourcecode.c.h; path = "AVAudioSession+AddAction.h"; sourceTree = "<group>"; };
		164701FB1E2DC92900A615B7 /* AVAudioSession+AddAction.mm */ = {isa = PBXFileReference; fileEncoding = 4; lastKnownFileType = sourcecode.cpp.objcpp; path = "AVAudioSession+AddAction.mm"; sourceTree = "<group>"; };
		16562C3D1E0968AA00D6DAD0 /* QPathUtils.h */ = {isa = PBXFileReference; fileEncoding = 4; lastKnownFileType = sourcecode.c.h; path = QPathUtils.h; sourceTree = "<group>"; };
		16562C3E1E0968AA00D6DAD0 /* QPathUtils.mm */ = {isa = PBXFileReference; fileEncoding = 4; lastKnownFileType = sourcecode.cpp.objcpp; path = QPathUtils.mm; sourceTree = "<group>"; };
		1657BA681A8C9EB600ADFD87 /* Images.xcassets */ = {isa = PBXFileReference; lastKnownFileType = folder.assetcatalog; path = Images.xcassets; sourceTree = "<group>"; };
		1657BA711A8CA04800ADFD87 /* icon76.png */ = {isa = PBXFileReference; lastKnownFileType = image.png; path = icon76.png; sourceTree = "<group>"; };
		169BAA791B8AFF2000D9A9D5 /* libpng.a */ = {isa = PBXFileReference; lastKnownFileType = archive.ar; name = libpng.a; path = "../../gameplay3d/lib/gameplay-external-deps/png/lib/ios/armv7/libpng.a"; sourceTree = "<group>"; };
		169BAA7B1B8AFF4D00D9A9D5 /* libbullet.a */ = {isa = PBXFileReference; lastKnownFileType = archive.ar; name = libbullet.a; path = "../../gameplay3d/lib/gameplay-external-deps/bullet/lib/ios/armv7/libbullet.a"; sourceTree = "<group>"; };
		169BAA7D1B8AFFBA00D9A9D5 /* libcurl.a */ = {isa = PBXFileReference; lastKnownFileType = archive.ar; name = libcurl.a; path = "../../gameplay3d/lib/cocos2d-x/cocos2dx/platform/third_party/ios/libraries/libcurl.a"; sourceTree = "<group>"; };
		169BAA7F1B8AFFDF00D9A9D5 /* libwebp.a */ = {isa = PBXFileReference; lastKnownFileType = archive.ar; name = libwebp.a; path = "../../gameplay3d/lib/cocos2d-x/cocos2dx/platform/third_party/ios/libraries/libwebp.a"; sourceTree = "<group>"; };
		169BAA811B8B003C00D9A9D5 /* libevent.a */ = {isa = PBXFileReference; lastKnownFileType = archive.ar; name = libevent.a; path = ../../gameplay3d/lib/qtz_component/libevent/ios/lib/libevent.a; sourceTree = "<group>"; };
		16CB35311DE5DA79003F6E79 /* dhh.entitlements */ = {isa = PBXFileReference; lastKnownFileType = text.plist.entitlements; path = dhh.entitlements; sourceTree = "<group>"; };
		16CB35341DE5DE0B003F6E79 /* MidasIAPSDK.framework */ = {isa = PBXFileReference; lastKnownFileType = wrapper.framework; name = MidasIAPSDK.framework; path = ../sources/sdk/ios/Midas/MidasIAPSDK.framework; sourceTree = "<group>"; };
		16CB35481DE5E059003F6E79 /* MSDK.framework */ = {isa = PBXFileReference; lastKnownFileType = wrapper.framework; path = MSDK.framework; sourceTree = "<group>"; };
		16CB35491DE5E059003F6E79 /* MSDKResources.bundle */ = {isa = PBXFileReference; lastKnownFileType = "wrapper.plug-in"; path = MSDKResources.bundle; sourceTree = "<group>"; };
		16CB354B1DE5E059003F6E79 /* MSDKFoundation.framework */ = {isa = PBXFileReference; lastKnownFileType = wrapper.framework; path = MSDKFoundation.framework; sourceTree = "<group>"; };
		16CB354D1DE5E059003F6E79 /* MSDKMarketing.framework */ = {isa = PBXFileReference; lastKnownFileType = wrapper.framework; path = MSDKMarketing.framework; sourceTree = "<group>"; };
		16CB354E1DE5E059003F6E79 /* WGPlatformResources.bundle */ = {isa = PBXFileReference; lastKnownFileType = "wrapper.plug-in"; path = WGPlatformResources.bundle; sourceTree = "<group>"; };
		16CB35501DE5E059003F6E79 /* MSDKXG.framework */ = {isa = PBXFileReference; lastKnownFileType = wrapper.framework; path = MSDKXG.framework; sourceTree = "<group>"; };
		16CB35511DE5E059003F6E79 /* QMSDK.h */ = {isa = PBXFileReference; fileEncoding = 4; lastKnownFileType = sourcecode.c.h; path = QMSDK.h; sourceTree = "<group>"; };
		16CB35521DE5E059003F6E79 /* QMSDK.mm */ = {isa = PBXFileReference; fileEncoding = 4; lastKnownFileType = sourcecode.cpp.objcpp; path = QMSDK.mm; sourceTree = "<group>"; };
		16CB35531DE5E059003F6E79 /* QMSDKBridge.h */ = {isa = PBXFileReference; fileEncoding = 4; lastKnownFileType = sourcecode.c.h; path = QMSDKBridge.h; sourceTree = "<group>"; };
		16CB35541DE5E059003F6E79 /* QMSDKBridge.mm */ = {isa = PBXFileReference; fileEncoding = 4; lastKnownFileType = sourcecode.cpp.objcpp; path = QMSDKBridge.mm; sourceTree = "<group>"; };
		16CB35551DE5E059003F6E79 /* QSDKIOS.cpp */ = {isa = PBXFileReference; fileEncoding = 4; lastKnownFileType = sourcecode.cpp.cpp; path = QSDKIOS.cpp; sourceTree = "<group>"; };
		16CB35671DE5E26B003F6E79 /* MessageUI.framework */ = {isa = PBXFileReference; lastKnownFileType = wrapper.framework; name = MessageUI.framework; path = System/Library/Frameworks/MessageUI.framework; sourceTree = SDKROOT; };
		16CB35691DE5E2AB003F6E79 /* JavaScriptCore.framework */ = {isa = PBXFileReference; lastKnownFileType = wrapper.framework; name = JavaScriptCore.framework; path = System/Library/Frameworks/JavaScriptCore.framework; sourceTree = SDKROOT; };
		16CB35791DE69817003F6E79 /* MidasIAPSDK.framework */ = {isa = PBXFileReference; lastKnownFileType = wrapper.framework; path = MidasIAPSDK.framework; sourceTree = "<group>"; };
		16CB357B1DE69876003F6E79 /* MidasIAPSDK.bundle */ = {isa = PBXFileReference; lastKnownFileType = "wrapper.plug-in"; name = MidasIAPSDK.bundle; path = MidasIAPSDK.framework/MidasIAPSDK.bundle; sourceTree = "<group>"; };
		16CB357F1DE6AE73003F6E79 /* APMidasInterface.h */ = {isa = PBXFileReference; fileEncoding = 4; lastKnownFileType = sourcecode.c.h; path = APMidasInterface.h; sourceTree = "<group>"; };
		16CB35851DE6BEE8003F6E79 /* libAPMidasInterface.a */ = {isa = PBXFileReference; lastKnownFileType = archive.ar; path = libAPMidasInterface.a; sourceTree = "<group>"; };
		16EF667D19D10E3F00CE8A46 /* LuaQ2Common.cpp */ = {isa = PBXFileReference; fileEncoding = 4; lastKnownFileType = sourcecode.cpp.cpp; path = LuaQ2Common.cpp; sourceTree = "<group>"; };
		16EF667E19D10E3F00CE8A46 /* LuaQ2Common.h */ = {isa = PBXFileReference; fileEncoding = 4; lastKnownFileType = sourcecode.c.h; path = LuaQ2Common.h; sourceTree = "<group>"; };
		16EF667F19D10E3F00CE8A46 /* Q2Common.h */ = {isa = PBXFileReference; fileEncoding = 4; lastKnownFileType = sourcecode.c.h; path = Q2Common.h; sourceTree = "<group>"; };
		5F48CADB1DE9838B00BE3891 /* QShareSDKIOS.mm */ = {isa = PBXFileReference; fileEncoding = 4; lastKnownFileType = sourcecode.cpp.objcpp; path = QShareSDKIOS.mm; sourceTree = "<group>"; };
		5F48CAE51DE9838B00BE3891 /* QShareSDK.cpp */ = {isa = PBXFileReference; fileEncoding = 4; lastKnownFileType = sourcecode.cpp.cpp; path = QShareSDK.cpp; sourceTree = "<group>"; };
		5F48CAE61DE9838B00BE3891 /* QShareSDK.h */ = {isa = PBXFileReference; fileEncoding = 4; lastKnownFileType = sourcecode.c.h; path = QShareSDK.h; sourceTree = "<group>"; };
		5F6627E21DDC028F00F85620 /* StoreKit.framework */ = {isa = PBXFileReference; lastKnownFileType = wrapper.framework; name = StoreKit.framework; path = System/Library/Frameworks/StoreKit.framework; sourceTree = SDKROOT; };
		5F6627E81DDC097F00F85620 /* libz.tbd */ = {isa = PBXFileReference; lastKnownFileType = "sourcecode.text-based-dylib-definition"; name = libz.tbd; path = usr/lib/libz.tbd; sourceTree = SDKROOT; };
		5F6627EA1DDC098800F85620 /* libstdc++.tbd */ = {isa = PBXFileReference; lastKnownFileType = "sourcecode.text-based-dylib-definition"; name = "libstdc++.tbd"; path = "usr/lib/libstdc++.tbd"; sourceTree = SDKROOT; };
		5F6627EC1DDC099200F85620 /* libz.1.1.3.tbd */ = {isa = PBXFileReference; lastKnownFileType = "sourcecode.text-based-dylib-definition"; name = libz.1.1.3.tbd; path = usr/lib/libz.1.1.3.tbd; sourceTree = SDKROOT; };
		5F6627EE1DDC099D00F85620 /* libsqlite3.tbd */ = {isa = PBXFileReference; lastKnownFileType = "sourcecode.text-based-dylib-definition"; name = libsqlite3.tbd; path = usr/lib/libsqlite3.tbd; sourceTree = SDKROOT; };
		5F6627F01DDC09A500F85620 /* libstdc++.6.0.9.tbd */ = {isa = PBXFileReference; lastKnownFileType = "sourcecode.text-based-dylib-definition"; name = "libstdc++.6.0.9.tbd"; path = "usr/lib/libstdc++.6.0.9.tbd"; sourceTree = SDKROOT; };
		5F6627F21DDC09F400F85620 /* CoreData.framework */ = {isa = PBXFileReference; lastKnownFileType = wrapper.framework; name = CoreData.framework; path = System/Library/Frameworks/CoreData.framework; sourceTree = SDKROOT; };
		5F6627F41DDC0A0100F85620 /* CoreLocation.framework */ = {isa = PBXFileReference; lastKnownFileType = wrapper.framework; name = CoreLocation.framework; path = System/Library/Frameworks/CoreLocation.framework; sourceTree = SDKROOT; };
		5F6627F61DDC0A0700F85620 /* ImageIO.framework */ = {isa = PBXFileReference; lastKnownFileType = wrapper.framework; name = ImageIO.framework; path = System/Library/Frameworks/ImageIO.framework; sourceTree = SDKROOT; };
		5F6627F81DDC0A1A00F85620 /* AdSupport.framework */ = {isa = PBXFileReference; lastKnownFileType = wrapper.framework; name = AdSupport.framework; path = System/Library/Frameworks/AdSupport.framework; sourceTree = SDKROOT; };
		5FE3C92F1DDC31D2008EC93B /* QSDK.h */ = {isa = PBXFileReference; fileEncoding = 4; lastKnownFileType = sourcecode.c.h; path = QSDK.h; sourceTree = "<group>"; };
		5FE3C9301DDC31D2008EC93B /* QSDKCommon.cpp */ = {isa = PBXFileReference; fileEncoding = 4; lastKnownFileType = sourcecode.cpp.cpp; path = QSDKCommon.cpp; sourceTree = "<group>"; };
		8F3A93C31DDF342000AD3375 /* Default-Landscape@2x~ipad.png */ = {isa = PBXFileReference; lastKnownFileType = image.png; path = "Default-Landscape@2x~ipad.png"; sourceTree = "<group>"; };
		8F3A93C41DDF342000AD3375 /* Default-Landscape~ipad.png */ = {isa = PBXFileReference; lastKnownFileType = image.png; path = "Default-Landscape~ipad.png"; sourceTree = "<group>"; };
		8F3A93C51DDF342000AD3375 /* icon29.png */ = {isa = PBXFileReference; lastKnownFileType = image.png; path = icon29.png; sourceTree = "<group>"; };
		8F3A93C61DDF342000AD3375 /* icon57.png */ = {isa = PBXFileReference; lastKnownFileType = image.png; path = icon57.png; sourceTree = "<group>"; };
		8F3A93C71DDF342000AD3375 /* icon58.png */ = {isa = PBXFileReference; lastKnownFileType = image.png; path = icon58.png; sourceTree = "<group>"; };
		8F3A93C81DDF342000AD3375 /* icon72.png */ = {isa = PBXFileReference; lastKnownFileType = image.png; path = icon72.png; sourceTree = "<group>"; };
		8F3A93C91DDF342000AD3375 /* icon114.png */ = {isa = PBXFileReference; lastKnownFileType = image.png; path = icon114.png; sourceTree = "<group>"; };
		8F3A93CA1DDF342000AD3375 /* icon120.png */ = {isa = PBXFileReference; lastKnownFileType = image.png; path = icon120.png; sourceTree = "<group>"; };
		8F3A93CB1DDF342000AD3375 /* icon144.png */ = {isa = PBXFileReference; lastKnownFileType = image.png; path = icon144.png; sourceTree = "<group>"; };
		8F3A93CC1DDF342000AD3375 /* icon152.png */ = {isa = PBXFileReference; lastKnownFileType = image.png; path = icon152.png; sourceTree = "<group>"; };
		8F3A93CD1DDF342000AD3375 /* icon167.png */ = {isa = PBXFileReference; lastKnownFileType = image.png; path = icon167.png; sourceTree = "<group>"; };
		8F3A93CE1DDF342000AD3375 /* icon180.png */ = {isa = PBXFileReference; lastKnownFileType = image.png; path = icon180.png; sourceTree = "<group>"; };
		8F8EEE841DDDDD0B00E96913 /* quickcocos2dx.xcodeproj */ = {isa = PBXFileReference; lastKnownFileType = "wrapper.pb-project"; name = quickcocos2dx.xcodeproj; path = lib/proj.ios/quickcocos2dx.xcodeproj; sourceTree = QUICK_COCOS2DX_ROOT; };
		8F8EEE931DDDDE7700E96913 /* gameplay.xcodeproj */ = {isa = PBXFileReference; lastKnownFileType = "wrapper.pb-project"; name = gameplay.xcodeproj; path = "lib/GamePlay-master/gameplay/gameplay.xcodeproj"; sourceTree = QUICK_COCOS2DX_ROOT; };
		8F8EEEB31DDDE34900E96913 /* CCGameThread.cpp */ = {isa = PBXFileReference; fileEncoding = 4; lastKnownFileType = sourcecode.cpp.cpp; path = CCGameThread.cpp; sourceTree = "<group>"; };
		8F8EEEB41DDDE34900E96913 /* CCGameThread.h */ = {isa = PBXFileReference; fileEncoding = 4; lastKnownFileType = sourcecode.c.h; path = CCGameThread.h; sourceTree = "<group>"; };
		8F8EEEB51DDDE34900E96913 /* CCLayer3D.cpp */ = {isa = PBXFileReference; fileEncoding = 4; lastKnownFileType = sourcecode.cpp.cpp; path = CCLayer3D.cpp; sourceTree = "<group>"; };
		8F8EEEB61DDDE34900E96913 /* CCLayer3D.h */ = {isa = PBXFileReference; fileEncoding = 4; lastKnownFileType = sourcecode.c.h; path = CCLayer3D.h; sourceTree = "<group>"; };
		8F8EEEB71DDDE34900E96913 /* CCPlatform3D.cpp */ = {isa = PBXFileReference; fileEncoding = 4; lastKnownFileType = sourcecode.cpp.cpp; name = CCPlatform3D.cpp; path = lib/qtz_component/gameplay/CCPlatform3D.cpp; sourceTree = QUICK_COCOS2DX_ROOT; };
		8F8EEEB81DDDE34900E96913 /* CCPlatform3D.h */ = {isa = PBXFileReference; fileEncoding = 4; lastKnownFileType = sourcecode.c.h; path = CCPlatform3D.h; sourceTree = "<group>"; };
		8F8EEEB91DDDE34900E96913 /* CCPlistFrame.cpp */ = {isa = PBXFileReference; fileEncoding = 4; lastKnownFileType = sourcecode.cpp.cpp; path = CCPlistFrame.cpp; sourceTree = "<group>"; };
		8F8EEEBA1DDDE34900E96913 /* CCPlistFrame.h */ = {isa = PBXFileReference; fileEncoding = 4; lastKnownFileType = sourcecode.c.h; path = CCPlistFrame.h; sourceTree = "<group>"; };
		8F8EEEBB1DDDE34900E96913 /* CCRenderTarget3D.cpp */ = {isa = PBXFileReference; fileEncoding = 4; lastKnownFileType = sourcecode.cpp.cpp; path = CCRenderTarget3D.cpp; sourceTree = "<group>"; };
		8F8EEEBC1DDDE34900E96913 /* CCRenderTarget3D.h */ = {isa = PBXFileReference; fileEncoding = 4; lastKnownFileType = sourcecode.c.h; path = CCRenderTarget3D.h; sourceTree = "<group>"; };
		8F8EEEBD1DDDE34900E96913 /* lua_extra.cpp */ = {isa = PBXFileReference; fileEncoding = 4; lastKnownFileType = sourcecode.cpp.cpp; path = lua_extra.cpp; sourceTree = "<group>"; };
		8F8EEEBE1DDDE34900E96913 /* LuaGame.cpp */ = {isa = PBXFileReference; fileEncoding = 4; lastKnownFileType = sourcecode.cpp.cpp; path = LuaGame.cpp; sourceTree = "<group>"; };
		8F8EEEBF1DDDE34900E96913 /* LuaGame.h */ = {isa = PBXFileReference; fileEncoding = 4; lastKnownFileType = sourcecode.c.h; path = LuaGame.h; sourceTree = "<group>"; };
		8F8EEEC91DDDE39E00E96913 /* CCVideoPlayer.h */ = {isa = PBXFileReference; fileEncoding = 4; lastKnownFileType = sourcecode.c.h; path = CCVideoPlayer.h; sourceTree = "<group>"; };
		8F8EEECA1DDDE39E00E96913 /* CCVideoPlayer.m */ = {isa = PBXFileReference; fileEncoding = 4; lastKnownFileType = sourcecode.c.objc; path = CCVideoPlayer.m; sourceTree = "<group>"; };
		8F8EEECB1DDDE39E00E96913 /* CCVideoPlayerImpliOS.h */ = {isa = PBXFileReference; fileEncoding = 4; lastKnownFileType = sourcecode.c.h; path = CCVideoPlayerImpliOS.h; sourceTree = "<group>"; };
		8F8EEECC1DDDE39E00E96913 /* CCVideoPlayerImpliOS.m */ = {isa = PBXFileReference; fileEncoding = 4; lastKnownFileType = sourcecode.c.objc; path = CCVideoPlayerImpliOS.m; sourceTree = "<group>"; };
		8F8EEECD1DDDE39E00E96913 /* IOSPlayVedio.h */ = {isa = PBXFileReference; fileEncoding = 4; lastKnownFileType = sourcecode.c.h; path = IOSPlayVedio.h; sourceTree = "<group>"; };
		8F8EEECE1DDDE39E00E96913 /* IOSPlayVedio.mm */ = {isa = PBXFileReference; fileEncoding = 4; lastKnownFileType = sourcecode.cpp.objcpp; path = IOSPlayVedio.mm; sourceTree = "<group>"; };
		8F8EEECF1DDDE39E00E96913 /* videoOverlayView.h */ = {isa = PBXFileReference; fileEncoding = 4; lastKnownFileType = sourcecode.c.h; path = videoOverlayView.h; sourceTree = "<group>"; };
		8F8EEED01DDDE39E00E96913 /* videoOverlayView.m */ = {isa = PBXFileReference; fileEncoding = 4; lastKnownFileType = sourcecode.c.objc; path = videoOverlayView.m; sourceTree = "<group>"; };
		8F8EEEDE1DDDE62E00E96913 /* libcrypto.a */ = {isa = PBXFileReference; lastKnownFileType = archive.ar; name = libcrypto.a; path = ../../gameplay3d/lib/qtz_component/openssl/ios/libcrypto.a; sourceTree = "<group>"; };
		8F8EEEDF1DDDE62E00E96913 /* libssl.a */ = {isa = PBXFileReference; lastKnownFileType = archive.ar; name = libssl.a; path = ../../gameplay3d/lib/qtz_component/openssl/ios/libssl.a; sourceTree = "<group>"; };
		EA115020196A3B9600F0D731 /* AppDelegate.cpp */ = {isa = PBXFileReference; fileEncoding = 4; lastKnownFileType = sourcecode.cpp.cpp; path = AppDelegate.cpp; sourceTree = "<group>"; };
		EA115022196A3BAA00F0D731 /* AppDelegate.h */ = {isa = PBXFileReference; fileEncoding = 4; lastKnownFileType = sourcecode.c.h; path = AppDelegate.h; sourceTree = "<group>"; };
		EA115026196A45A000F0D731 /* SimulatorConfig.cpp */ = {isa = PBXFileReference; fileEncoding = 4; lastKnownFileType = sourcecode.cpp.cpp; path = SimulatorConfig.cpp; sourceTree = "<group>"; };
		EA115028196A45A700F0D731 /* SimulatorConfig.h */ = {isa = PBXFileReference; fileEncoding = 4; lastKnownFileType = sourcecode.c.h; path = SimulatorConfig.h; sourceTree = "<group>"; };
		EA267B1F19EF7856003C0410 /* MediaPlayer.framework */ = {isa = PBXFileReference; lastKnownFileType = wrapper.framework; name = MediaPlayer.framework; path = System/Library/Frameworks/MediaPlayer.framework; sourceTree = SDKROOT; };
		EA65F5991A8C63E50016760F /* Default-568h@2x.png */ = {isa = PBXFileReference; lastKnownFileType = image.png; path = "Default-568h@2x.png"; sourceTree = "<group>"; };
		EA65F59A1A8C63E50016760F /* Default.png */ = {isa = PBXFileReference; lastKnownFileType = image.png; path = Default.png; sourceTree = "<group>"; };
		EA65F59B1A8C63E50016760F /* Default@2x.png */ = {isa = PBXFileReference; lastKnownFileType = image.png; path = "Default@2x.png"; sourceTree = "<group>"; };
		EA65F59F1A8C63E50016760F /* Info.plist */ = {isa = PBXFileReference; fileEncoding = 4; lastKnownFileType = text.plist.xml; path = Info.plist; sourceTree = "<group>"; };
		F452BFC41687EEF900DC5BCC /* CoreText.framework */ = {isa = PBXFileReference; lastKnownFileType = wrapper.framework; name = CoreText.framework; path = System/Library/Frameworks/CoreText.framework; sourceTree = SDKROOT; };
		F452BFCF1687F0F200DC5BCC /* UIKit.framework */ = {isa = PBXFileReference; lastKnownFileType = wrapper.framework; name = UIKit.framework; path = System/Library/Frameworks/UIKit.framework; sourceTree = SDKROOT; };
		F456ECC115EE018E00FCF3E2 /* dhh.app */ = {isa = PBXFileReference; explicitFileType = wrapper.application; includeInIndex = 0; path = dhh.app; sourceTree = BUILT_PRODUCTS_DIR; };
		F456ECC515EE018E00FCF3E2 /* QuartzCore.framework */ = {isa = PBXFileReference; lastKnownFileType = wrapper.framework; name = QuartzCore.framework; path = System/Library/Frameworks/QuartzCore.framework; sourceTree = SDKROOT; };
		F456ECC715EE018E00FCF3E2 /* OpenGLES.framework */ = {isa = PBXFileReference; lastKnownFileType = wrapper.framework; name = OpenGLES.framework; path = System/Library/Frameworks/OpenGLES.framework; sourceTree = SDKROOT; };
		F456ECC915EE018E00FCF3E2 /* OpenAL.framework */ = {isa = PBXFileReference; lastKnownFileType = wrapper.framework; name = OpenAL.framework; path = System/Library/Frameworks/OpenAL.framework; sourceTree = SDKROOT; };
		F456ECCB15EE018E00FCF3E2 /* AudioToolbox.framework */ = {isa = PBXFileReference; lastKnownFileType = wrapper.framework; name = AudioToolbox.framework; path = System/Library/Frameworks/AudioToolbox.framework; sourceTree = SDKROOT; };
		F456ECCD15EE018E00FCF3E2 /* AVFoundation.framework */ = {isa = PBXFileReference; lastKnownFileType = wrapper.framework; name = AVFoundation.framework; path = System/Library/Frameworks/AVFoundation.framework; sourceTree = SDKROOT; };
		F456ECD115EE018E00FCF3E2 /* Foundation.framework */ = {isa = PBXFileReference; lastKnownFileType = wrapper.framework; name = Foundation.framework; path = System/Library/Frameworks/Foundation.framework; sourceTree = SDKROOT; };
		F456ECD315EE018E00FCF3E2 /* CoreGraphics.framework */ = {isa = PBXFileReference; lastKnownFileType = wrapper.framework; name = CoreGraphics.framework; path = System/Library/Frameworks/CoreGraphics.framework; sourceTree = SDKROOT; };
		F456F0F815EE0CDB00FCF3E2 /* CFNetwork.framework */ = {isa = PBXFileReference; lastKnownFileType = wrapper.framework; name = CFNetwork.framework; path = System/Library/Frameworks/CFNetwork.framework; sourceTree = SDKROOT; };
		F456F0FA15EE0CEB00FCF3E2 /* CoreFoundation.framework */ = {isa = PBXFileReference; lastKnownFileType = wrapper.framework; name = CoreFoundation.framework; path = System/Library/Frameworks/CoreFoundation.framework; sourceTree = SDKROOT; };
		F456F0FC15EE0CF600FCF3E2 /* SystemConfiguration.framework */ = {isa = PBXFileReference; lastKnownFileType = wrapper.framework; name = SystemConfiguration.framework; path = System/Library/Frameworks/SystemConfiguration.framework; sourceTree = SDKROOT; };
		F456F10415EE0D2D00FCF3E2 /* MobileCoreServices.framework */ = {isa = PBXFileReference; lastKnownFileType = wrapper.framework; name = MobileCoreServices.framework; path = System/Library/Frameworks/MobileCoreServices.framework; sourceTree = SDKROOT; };
		F456F10615EE0D3500FCF3E2 /* Security.framework */ = {isa = PBXFileReference; lastKnownFileType = wrapper.framework; name = Security.framework; path = System/Library/Frameworks/Security.framework; sourceTree = SDKROOT; };
		F4949C781699553B00DB561E /* AddressBook.framework */ = {isa = PBXFileReference; lastKnownFileType = wrapper.framework; name = AddressBook.framework; path = System/Library/Frameworks/AddressBook.framework; sourceTree = SDKROOT; };
		F4949C7A1699554600DB561E /* CoreTelephony.framework */ = {isa = PBXFileReference; lastKnownFileType = wrapper.framework; name = CoreTelephony.framework; path = System/Library/Frameworks/CoreTelephony.framework; sourceTree = SDKROOT; };
		F4D26BC716C7D0D2004442B6 /* AppController.h */ = {isa = PBXFileReference; fileEncoding = 4; lastKnownFileType = sourcecode.c.h; path = AppController.h; sourceTree = "<group>"; };
		F4D26BC816C7D0D2004442B6 /* AppController.mm */ = {isa = PBXFileReference; fileEncoding = 4; lastKnownFileType = sourcecode.cpp.objcpp; path = AppController.mm; sourceTree = "<group>"; };
		F4D26BC916C7D0D2004442B6 /* main.m */ = {isa = PBXFileReference; fileEncoding = 4; lastKnownFileType = sourcecode.c.objc; path = main.m; sourceTree = "<group>"; };
		F4D26BCA16C7D0D2004442B6 /* RootViewController.h */ = {isa = PBXFileReference; fileEncoding = 4; lastKnownFileType = sourcecode.c.h; path = RootViewController.h; sourceTree = "<group>"; };
		F4D26BCB16C7D0D2004442B6 /* RootViewController.mm */ = {isa = PBXFileReference; fileEncoding = 4; lastKnownFileType = sourcecode.cpp.objcpp; path = RootViewController.mm; sourceTree = "<group>"; };
		FF038F6D1DF5929E00A6A9FF /* filelist.lua */ = {isa = PBXFileReference; fileEncoding = 4; lastKnownFileType = text; name = filelist.lua; path = ../resource/filelist.lua; sourceTree = "<group>"; };
		FF038F6E1DF5929E00A6A9FF /* res */ = {isa = PBXFileReference; lastKnownFileType = folder; name = res; path = ../resource/res; sourceTree = "<group>"; };
		FF038F6F1DF5929E00A6A9FF /* scripts */ = {isa = PBXFileReference; lastKnownFileType = folder; name = scripts; path = ../resource/scripts; sourceTree = "<group>"; };
		FF038F901DF7EDDF00A6A9FF /* libtersafe.a */ = {isa = PBXFileReference; lastKnownFileType = archive.ar; path = libtersafe.a; sourceTree = "<group>"; };
		FF038F911DF7EDDF00A6A9FF /* tss_sdk.h */ = {isa = PBXFileReference; fileEncoding = 4; lastKnownFileType = sourcecode.c.h; path = tss_sdk.h; sourceTree = "<group>"; };
		FF038F951DF7EDEF00A6A9FF /* QTssSDKIOS.mm */ = {isa = PBXFileReference; fileEncoding = 4; lastKnownFileType = sourcecode.cpp.objcpp; path = QTssSDKIOS.mm; sourceTree = "<group>"; };
		FF038F961DF7EDEF00A6A9FF /* QTssSDK.cpp */ = {isa = PBXFileReference; fileEncoding = 4; lastKnownFileType = sourcecode.cpp.cpp; path = QTssSDK.cpp; sourceTree = "<group>"; };
		FF038F971DF7EDEF00A6A9FF /* QTssSDK.h */ = {isa = PBXFileReference; fileEncoding = 4; lastKnownFileType = sourcecode.c.h; path = QTssSDK.h; sourceTree = "<group>"; };
/* End PBXFileReference section */

/* Begin PBXFrameworksBuildPhase section */
		F456ECBE15EE018E00FCF3E2 /* Frameworks */ = {
			isa = PBXFrameworksBuildPhase;
			buildActionMask = 2147483647;
			files = (
				161E52471E0E2539004D62AE /* libc++.tbd in Frameworks */,
				161E52451E0E250F004D62AE /* Contacts.framework in Frameworks */,
				161E52651E0E6D86004D62AE /* libogg.a in Frameworks */,
				16CB356A1DE5E2AB003F6E79 /* JavaScriptCore.framework in Frameworks */,
				16CB35681DE5E26B003F6E79 /* MessageUI.framework in Frameworks */,
				41E409251DE2FEB100DF0301 /* libquickcocos2dx.a in Frameworks */,
				16CB35861DE6BEE8003F6E79 /* libAPMidasInterface.a in Frameworks */,
				41E409241DE2FEAC00DF0301 /* libgameplay.a in Frameworks */,
				8F8EEEE01DDDE62E00E96913 /* libcrypto.a in Frameworks */,
				8F8EEEE11DDDE62E00E96913 /* libssl.a in Frameworks */,
				5F6627F91DDC0A1A00F85620 /* AdSupport.framework in Frameworks */,
				F456ECC615EE018E00FCF3E2 /* QuartzCore.framework in Frameworks */,
				F452BFC51687EEF900DC5BCC /* CoreText.framework in Frameworks */,
				16CB355B1DE5E059003F6E79 /* MSDKFoundation.framework in Frameworks */,
				5F6627F71DDC0A0700F85620 /* ImageIO.framework in Frameworks */,
				5F6627F51DDC0A0100F85620 /* CoreLocation.framework in Frameworks */,
				16E71AC21D41C97F003DD215 /* Security.framework in Frameworks */,
				16CB355C1DE5E059003F6E79 /* MSDKMarketing.framework in Frameworks */,
				5F6627F31DDC09F400F85620 /* CoreData.framework in Frameworks */,
				F456F0F915EE0CDB00FCF3E2 /* CFNetwork.framework in Frameworks */,
				5F6627E31DDC028F00F85620 /* StoreKit.framework in Frameworks */,
				161E52431E0E243D004D62AE /* iflyMSC.framework in Frameworks */,
				F456F10515EE0D2D00FCF3E2 /* MobileCoreServices.framework in Frameworks */,
				FF038F921DF7EDDF00A6A9FF /* libtersafe.a in Frameworks */,
				F456ECD415EE018E00FCF3E2 /* CoreGraphics.framework in Frameworks */,
				F456ECD215EE018E00FCF3E2 /* Foundation.framework in Frameworks */,
				F452BFD01687F0F200DC5BCC /* UIKit.framework in Frameworks */,
				161E52671E0E6D86004D62AE /* libspeexdsp.a in Frameworks */,
				F456F0FD15EE0CF600FCF3E2 /* SystemConfiguration.framework in Frameworks */,
				F4949C7B1699554600DB561E /* CoreTelephony.framework in Frameworks */,
				5F6627F11DDC09A500F85620 /* libstdc++.6.0.9.tbd in Frameworks */,
				5F6627EF1DDC099D00F85620 /* libsqlite3.tbd in Frameworks */,
				5F6627ED1DDC099300F85620 /* libz.1.1.3.tbd in Frameworks */,
				16CB35591DE5E059003F6E79 /* MSDK.framework in Frameworks */,
				5F6627EB1DDC098800F85620 /* libstdc++.tbd in Frameworks */,
				5F6627E91DDC097F00F85620 /* libz.tbd in Frameworks */,
				16338DB31B8B068700405283 /* libpcre.a in Frameworks */,
				169BAA821B8B003C00D9A9D5 /* libevent.a in Frameworks */,
				169BAA801B8AFFDF00D9A9D5 /* libwebp.a in Frameworks */,
				169BAA7E1B8AFFBA00D9A9D5 /* libcurl.a in Frameworks */,
				169BAA7C1B8AFF4D00D9A9D5 /* libbullet.a in Frameworks */,
				169BAA7A1B8AFF2000D9A9D5 /* libpng.a in Frameworks */,
				161E52661E0E6D86004D62AE /* libspeex.a in Frameworks */,
				EA267B2019EF7856003C0410 /* MediaPlayer.framework in Frameworks */,
				F4949C791699553B00DB561E /* AddressBook.framework in Frameworks */,
				F456ECC815EE018E00FCF3E2 /* OpenGLES.framework in Frameworks */,
				F456ECCA15EE018E00FCF3E2 /* OpenAL.framework in Frameworks */,
				F456ECCC15EE018E00FCF3E2 /* AudioToolbox.framework in Frameworks */,
				16CB355E1DE5E059003F6E79 /* MSDKXG.framework in Frameworks */,
				16CB357A1DE69817003F6E79 /* MidasIAPSDK.framework in Frameworks */,
				F456ECCE15EE018E00FCF3E2 /* AVFoundation.framework in Frameworks */,
			);
			runOnlyForDeploymentPostprocessing = 0;
		};
/* End PBXFrameworksBuildPhase section */

/* Begin PBXGroup section */
		161E52361E0E2404004D62AE /* MSC */ = {
			isa = PBXGroup;
			children = (
				161E52421E0E243D004D62AE /* iflyMSC.framework */,
			);
			path = MSC;
			sourceTree = "<group>";
		};
		161E52371E0E2412004D62AE /* mscSDK */ = {
			isa = PBXGroup;
			children = (
				161E52381E0E2412004D62AE /* ios */,
				161E523D1E0E2412004D62AE /* QMSCSDK.cpp */,
				161E523E1E0E2412004D62AE /* QMSCSDK.h */,
			);
			path = mscSDK;
			sourceTree = "<group>";
		};
		161E52381E0E2412004D62AE /* ios */ = {
			isa = PBXGroup;
			children = (
				164701FA1E2DC92900A615B7 /* AVAudioSession+AddAction.h */,
				164701FB1E2DC92900A615B7 /* AVAudioSession+AddAction.mm */,
				161E524A1E0E6D86004D62AE /* speex */,
				161E52391E0E2412004D62AE /* QMSCSdkBridge.h */,
				161E523A1E0E2412004D62AE /* QMSCSdkBridge.mm */,
				161E523B1E0E2412004D62AE /* QMSCSDKIOS.h */,
				161E523C1E0E2412004D62AE /* QMSCSDKIOS.mm */,
			);
			path = ios;
			sourceTree = "<group>";
		};
		161E524A1E0E6D86004D62AE /* speex */ = {
			isa = PBXGroup;
			children = (
				161E524B1E0E6D86004D62AE /* libogg */,
				161E52521E0E6D86004D62AE /* libspeex */,
				161E52631E0E6D86004D62AE /* SpeexCodec.h */,
				161E52641E0E6D86004D62AE /* SpeexCodec.mm */,
			);
			path = speex;
			sourceTree = "<group>";
		};
		161E524B1E0E6D86004D62AE /* libogg */ = {
			isa = PBXGroup;
			children = (
				161E524C1E0E6D86004D62AE /* include */,
				161E52511E0E6D86004D62AE /* libogg.a */,
			);
			path = libogg;
			sourceTree = "<group>";
		};
		161E524C1E0E6D86004D62AE /* include */ = {
			isa = PBXGroup;
			children = (
				161E524D1E0E6D86004D62AE /* ogg */,
			);
			path = include;
			sourceTree = "<group>";
		};
		161E524D1E0E6D86004D62AE /* ogg */ = {
			isa = PBXGroup;
			children = (
				161E524E1E0E6D86004D62AE /* config_types.h */,
				161E524F1E0E6D86004D62AE /* ogg.h */,
				161E52501E0E6D86004D62AE /* os_types.h */,
			);
			path = ogg;
			sourceTree = "<group>";
		};
		161E52521E0E6D86004D62AE /* libspeex */ = {
			isa = PBXGroup;
			children = (
				161E52531E0E6D86004D62AE /* include */,
				161E52611E0E6D86004D62AE /* libspeex.a */,
				161E52621E0E6D86004D62AE /* libspeexdsp.a */,
			);
			path = libspeex;
			sourceTree = "<group>";
		};
		161E52531E0E6D86004D62AE /* include */ = {
			isa = PBXGroup;
			children = (
				161E52541E0E6D86004D62AE /* speex */,
			);
			path = include;
			sourceTree = "<group>";
		};
		161E52541E0E6D86004D62AE /* speex */ = {
			isa = PBXGroup;
			children = (
				161E52551E0E6D86004D62AE /* speex.h */,
				161E52561E0E6D86004D62AE /* speex_bits.h */,
				161E52571E0E6D86004D62AE /* speex_buffer.h */,
				161E52581E0E6D86004D62AE /* speex_callbacks.h */,
				161E52591E0E6D86004D62AE /* speex_config_types.h */,
				161E525A1E0E6D86004D62AE /* speex_echo.h */,
				161E525B1E0E6D86004D62AE /* speex_header.h */,
				161E525C1E0E6D86004D62AE /* speex_jitter.h */,
				161E525D1E0E6D86004D62AE /* speex_preprocess.h */,
				161E525E1E0E6D86004D62AE /* speex_resampler.h */,
				161E525F1E0E6D86004D62AE /* speex_stereo.h */,
				161E52601E0E6D86004D62AE /* speex_types.h */,
			);
			path = speex;
			sourceTree = "<group>";
		};
		16CB353D1DE5E059003F6E79 /* ios */ = {
			isa = PBXGroup;
			children = (
				161E52361E0E2404004D62AE /* MSC */,
				FF038F8F1DF7EDDF00A6A9FF /* Tss */,
				16CB353E1DE5E059003F6E79 /* Midas */,
				16CB35461DE5E059003F6E79 /* MSDK */,
				16CB35551DE5E059003F6E79 /* QSDKIOS.cpp */,
			);
			path = ios;
			sourceTree = "<group>";
		};
		16CB353E1DE5E059003F6E79 /* Midas */ = {
			isa = PBXGroup;
			children = (
				16CB357D1DE6AE73003F6E79 /* Interface */,
				16CB357B1DE69876003F6E79 /* MidasIAPSDK.bundle */,
				16CB35791DE69817003F6E79 /* MidasIAPSDK.framework */,
			);
			path = Midas;
			sourceTree = "<group>";
		};
		16CB35461DE5E059003F6E79 /* MSDK */ = {
			isa = PBXGroup;
			children = (
				16CB35471DE5E059003F6E79 /* MSDK */,
				16CB354A1DE5E059003F6E79 /* MSDKFoundation */,
				16CB354C1DE5E059003F6E79 /* MSDKMarketing */,
				16CB354F1DE5E059003F6E79 /* MSDKXG */,
				16CB35511DE5E059003F6E79 /* QMSDK.h */,
				16CB35521DE5E059003F6E79 /* QMSDK.mm */,
				16CB35531DE5E059003F6E79 /* QMSDKBridge.h */,
				16CB35541DE5E059003F6E79 /* QMSDKBridge.mm */,
			);
			path = MSDK;
			sourceTree = "<group>";
		};
		16CB35471DE5E059003F6E79 /* MSDK */ = {
			isa = PBXGroup;
			children = (
				16CB35481DE5E059003F6E79 /* MSDK.framework */,
				16CB35491DE5E059003F6E79 /* MSDKResources.bundle */,
			);
			path = MSDK;
			sourceTree = "<group>";
		};
		16CB354A1DE5E059003F6E79 /* MSDKFoundation */ = {
			isa = PBXGroup;
			children = (
				16CB354B1DE5E059003F6E79 /* MSDKFoundation.framework */,
			);
			path = MSDKFoundation;
			sourceTree = "<group>";
		};
		16CB354C1DE5E059003F6E79 /* MSDKMarketing */ = {
			isa = PBXGroup;
			children = (
				16CB354D1DE5E059003F6E79 /* MSDKMarketing.framework */,
				16CB354E1DE5E059003F6E79 /* WGPlatformResources.bundle */,
			);
			path = MSDKMarketing;
			sourceTree = "<group>";
		};
		16CB354F1DE5E059003F6E79 /* MSDKXG */ = {
			isa = PBXGroup;
			children = (
				16CB35501DE5E059003F6E79 /* MSDKXG.framework */,
			);
			path = MSDKXG;
			sourceTree = "<group>";
		};
		16CB357D1DE6AE73003F6E79 /* Interface */ = {
			isa = PBXGroup;
			children = (
				16CB357E1DE6AE73003F6E79 /* inc */,
				16CB35801DE6AE73003F6E79 /* lib */,
			);
			path = Interface;
			sourceTree = "<group>";
		};
		16CB357E1DE6AE73003F6E79 /* inc */ = {
			isa = PBXGroup;
			children = (
				16CB357F1DE6AE73003F6E79 /* APMidasInterface.h */,
			);
			path = inc;
			sourceTree = "<group>";
		};
		16CB35801DE6AE73003F6E79 /* lib */ = {
			isa = PBXGroup;
			children = (
				16CB35851DE6BEE8003F6E79 /* libAPMidasInterface.a */,
			);
			path = lib;
			sourceTree = "<group>";
		};
		16D84E3F19E689000062D627 /* resources */ = {
			isa = PBXGroup;
			children = (
				FF038F6D1DF5929E00A6A9FF /* filelist.lua */,
				FF038F6E1DF5929E00A6A9FF /* res */,
				FF038F6F1DF5929E00A6A9FF /* scripts */,
			);
			name = resources;
			sourceTree = "<group>";
		};
		41E409171DE2FDAB00DF0301 /* Products */ = {
			isa = PBXGroup;
			children = (
				41E4091B1DE2FDAB00DF0301 /* libquickcocos2dx.a */,
			);
			name = Products;
			sourceTree = "<group>";
		};
		41E4091C1DE2FDAD00DF0301 /* Products */ = {
			isa = PBXGroup;
			children = (
				16795B9F1E55B04B005798DD /* libgameplay.a */,
				41E409231DE2FDAD00DF0301 /* libgameplay.a */,
			);
			name = Products;
			sourceTree = "<group>";
		};
		5F48CAD31DE9838B00BE3891 /* shareSDK */ = {
			isa = PBXGroup;
			children = (
				5F48CAD81DE9838B00BE3891 /* ios */,
				5F48CAE51DE9838B00BE3891 /* QShareSDK.cpp */,
				5F48CAE61DE9838B00BE3891 /* QShareSDK.h */,
			);
			path = shareSDK;
			sourceTree = "<group>";
		};
		5F48CAD81DE9838B00BE3891 /* ios */ = {
			isa = PBXGroup;
			children = (
				5F48CADB1DE9838B00BE3891 /* QShareSDKIOS.mm */,
			);
			path = ios;
			sourceTree = "<group>";
		};
		5FE3C91F1DDC31D2008EC93B /* sdk */ = {
			isa = PBXGroup;
			children = (
				16CB353D1DE5E059003F6E79 /* ios */,
				5FE3C92F1DDC31D2008EC93B /* QSDK.h */,
				5FE3C9301DDC31D2008EC93B /* QSDKCommon.cpp */,
			);
			path = sdk;
			sourceTree = "<group>";
		};
		8F8EEEB21DDDE34900E96913 /* gameplay */ = {
			isa = PBXGroup;
			children = (
				8F8EEEB31DDDE34900E96913 /* CCGameThread.cpp */,
				8F8EEEB41DDDE34900E96913 /* CCGameThread.h */,
				8F8EEEB51DDDE34900E96913 /* CCLayer3D.cpp */,
				8F8EEEB61DDDE34900E96913 /* CCLayer3D.h */,
				8F8EEEB71DDDE34900E96913 /* CCPlatform3D.cpp */,
				8F8EEEB81DDDE34900E96913 /* CCPlatform3D.h */,
				8F8EEEB91DDDE34900E96913 /* CCPlistFrame.cpp */,
				8F8EEEBA1DDDE34900E96913 /* CCPlistFrame.h */,
				8F8EEEBB1DDDE34900E96913 /* CCRenderTarget3D.cpp */,
				8F8EEEBC1DDDE34900E96913 /* CCRenderTarget3D.h */,
				8F8EEEBD1DDDE34900E96913 /* lua_extra.cpp */,
				8F8EEEBE1DDDE34900E96913 /* LuaGame.cpp */,
				8F8EEEBF1DDDE34900E96913 /* LuaGame.h */,
			);
			name = gameplay;
			path = lib/qtz_component/gameplay;
			sourceTree = QUICK_COCOS2DX_ROOT;
		};
		8F8EEEC71DDDE39E00E96913 /* video */ = {
			isa = PBXGroup;
			children = (
				8F8EEEC81DDDE39E00E96913 /* ios */,
			);
			name = video;
			path = lib/qtz_component/video;
			sourceTree = QUICK_COCOS2DX_ROOT;
		};
		8F8EEEC81DDDE39E00E96913 /* ios */ = {
			isa = PBXGroup;
			children = (
				8F8EEEC91DDDE39E00E96913 /* CCVideoPlayer.h */,
				8F8EEECA1DDDE39E00E96913 /* CCVideoPlayer.m */,
				8F8EEECB1DDDE39E00E96913 /* CCVideoPlayerImpliOS.h */,
				8F8EEECC1DDDE39E00E96913 /* CCVideoPlayerImpliOS.m */,
				8F8EEECD1DDDE39E00E96913 /* IOSPlayVedio.h */,
				8F8EEECE1DDDE39E00E96913 /* IOSPlayVedio.mm */,
				8F8EEECF1DDDE39E00E96913 /* videoOverlayView.h */,
				8F8EEED01DDDE39E00E96913 /* videoOverlayView.m */,
			);
			name = ios;
			path = lib/qtz_component/video/ios;
			sourceTree = QUICK_COCOS2DX_ROOT;
		};
		EA65F5981A8C63E50016760F /* Resources */ = {
			isa = PBXGroup;
			children = (
				8F3A93C31DDF342000AD3375 /* Default-Landscape@2x~ipad.png */,
				8F3A93C41DDF342000AD3375 /* Default-Landscape~ipad.png */,
				8F3A93C51DDF342000AD3375 /* icon29.png */,
				8F3A93C61DDF342000AD3375 /* icon57.png */,
				8F3A93C71DDF342000AD3375 /* icon58.png */,
				8F3A93C81DDF342000AD3375 /* icon72.png */,
				8F3A93C91DDF342000AD3375 /* icon114.png */,
				8F3A93CA1DDF342000AD3375 /* icon120.png */,
				8F3A93CB1DDF342000AD3375 /* icon144.png */,
				8F3A93CC1DDF342000AD3375 /* icon152.png */,
				8F3A93CD1DDF342000AD3375 /* icon167.png */,
				8F3A93CE1DDF342000AD3375 /* icon180.png */,
				1641BF681A0A526B003C31FD /* Default-568h@2x.png */,
				1657BA711A8CA04800ADFD87 /* icon76.png */,
				EA65F5991A8C63E50016760F /* Default-568h@2x.png */,
				EA65F59A1A8C63E50016760F /* Default.png */,
				EA65F59B1A8C63E50016760F /* Default@2x.png */,
				EA65F59F1A8C63E50016760F /* Info.plist */,
			);
			path = Resources;
			sourceTree = "<group>";
		};
		F456ECB615EE018E00FCF3E2 = {
			isa = PBXGroup;
			children = (
				8F8EEE931DDDDE7700E96913 /* gameplay.xcodeproj */,
				8F8EEE841DDDDD0B00E96913 /* quickcocos2dx.xcodeproj */,
				16D84E3F19E689000062D627 /* resources */,
				F456ECD515EE018E00FCF3E2 /* dhh */,
				F456ECC415EE018E00FCF3E2 /* Frameworks */,
				F456ECC215EE018E00FCF3E2 /* Products */,
			);
			sourceTree = "<group>";
		};
		F456ECC215EE018E00FCF3E2 /* Products */ = {
			isa = PBXGroup;
			children = (
				F456ECC115EE018E00FCF3E2 /* dhh.app */,
			);
			name = Products;
			sourceTree = "<group>";
		};
		F456ECC415EE018E00FCF3E2 /* Frameworks */ = {
			isa = PBXGroup;
			children = (
				161E52461E0E2539004D62AE /* libc++.tbd */,
				161E52441E0E250F004D62AE /* Contacts.framework */,
				16CB35691DE5E2AB003F6E79 /* JavaScriptCore.framework */,
				16CB35671DE5E26B003F6E79 /* MessageUI.framework */,
				16CB35341DE5DE0B003F6E79 /* MidasIAPSDK.framework */,
				8F8EEEDE1DDDE62E00E96913 /* libcrypto.a */,
				8F8EEEDF1DDDE62E00E96913 /* libssl.a */,
				5F6627F81DDC0A1A00F85620 /* AdSupport.framework */,
				5F6627F61DDC0A0700F85620 /* ImageIO.framework */,
				5F6627F41DDC0A0100F85620 /* CoreLocation.framework */,
				5F6627F21DDC09F400F85620 /* CoreData.framework */,
				5F6627F01DDC09A500F85620 /* libstdc++.6.0.9.tbd */,
				5F6627EE1DDC099D00F85620 /* libsqlite3.tbd */,
				5F6627EC1DDC099200F85620 /* libz.1.1.3.tbd */,
				5F6627EA1DDC098800F85620 /* libstdc++.tbd */,
				5F6627E81DDC097F00F85620 /* libz.tbd */,
				5F6627E21DDC028F00F85620 /* StoreKit.framework */,
				16338DB21B8B068700405283 /* libpcre.a */,
				169BAA811B8B003C00D9A9D5 /* libevent.a */,
				169BAA7F1B8AFFDF00D9A9D5 /* libwebp.a */,
				169BAA7D1B8AFFBA00D9A9D5 /* libcurl.a */,
				169BAA7B1B8AFF4D00D9A9D5 /* libbullet.a */,
				169BAA791B8AFF2000D9A9D5 /* libpng.a */,
				EA267B1F19EF7856003C0410 /* MediaPlayer.framework */,
				F4949C781699553B00DB561E /* AddressBook.framework */,
				F456ECCB15EE018E00FCF3E2 /* AudioToolbox.framework */,
				F456ECCD15EE018E00FCF3E2 /* AVFoundation.framework */,
				F456F0F815EE0CDB00FCF3E2 /* CFNetwork.framework */,
				F456F0FA15EE0CEB00FCF3E2 /* CoreFoundation.framework */,
				F456ECD315EE018E00FCF3E2 /* CoreGraphics.framework */,
				F4949C7A1699554600DB561E /* CoreTelephony.framework */,
				F452BFC41687EEF900DC5BCC /* CoreText.framework */,
				F456ECD115EE018E00FCF3E2 /* Foundation.framework */,
				F456F10415EE0D2D00FCF3E2 /* MobileCoreServices.framework */,
				F456ECC915EE018E00FCF3E2 /* OpenAL.framework */,
				F456ECC715EE018E00FCF3E2 /* OpenGLES.framework */,
				F456ECC515EE018E00FCF3E2 /* QuartzCore.framework */,
				F456F10615EE0D3500FCF3E2 /* Security.framework */,
				F456F0FC15EE0CF600FCF3E2 /* SystemConfiguration.framework */,
				F452BFCF1687F0F200DC5BCC /* UIKit.framework */,
			);
			name = Frameworks;
			sourceTree = "<group>";
		};
		F456ECD515EE018E00FCF3E2 /* dhh */ = {
			isa = PBXGroup;
			children = (
				16CB35311DE5DA79003F6E79 /* dhh.entitlements */,
				EA65F5981A8C63E50016760F /* Resources */,
				F4E50FE216CF7B6500AA7E90 /* sources */,
				F4D26BC616C7D0D2004442B6 /* ios */,
				1657BA681A8C9EB600ADFD87 /* Images.xcassets */,
			);
			path = dhh;
			sourceTree = "<group>";
		};
		F4D26BC616C7D0D2004442B6 /* ios */ = {
			isa = PBXGroup;
			children = (
				8F8EEEC71DDDE39E00E96913 /* video */,
				F4D26BC716C7D0D2004442B6 /* AppController.h */,
				F4D26BC816C7D0D2004442B6 /* AppController.mm */,
				F4D26BC916C7D0D2004442B6 /* main.m */,
				F4D26BCA16C7D0D2004442B6 /* RootViewController.h */,
				F4D26BCB16C7D0D2004442B6 /* RootViewController.mm */,
			);
			path = ios;
			sourceTree = "<group>";
		};
		F4E50FE216CF7B6500AA7E90 /* sources */ = {
			isa = PBXGroup;
			children = (
				16562C3D1E0968AA00D6DAD0 /* QPathUtils.h */,
				16562C3E1E0968AA00D6DAD0 /* QPathUtils.mm */,
				161E52371E0E2412004D62AE /* mscSDK */,
				FF038F931DF7EDEF00A6A9FF /* tssSDK */,
				5F48CAD31DE9838B00BE3891 /* shareSDK */,
				8F8EEEB21DDDE34900E96913 /* gameplay */,
				5FE3C91F1DDC31D2008EC93B /* sdk */,
				163A4D6819E7CF8D0041D4AA /* Q2Common.cpp */,
				16EF667D19D10E3F00CE8A46 /* LuaQ2Common.cpp */,
				16EF667E19D10E3F00CE8A46 /* LuaQ2Common.h */,
				16EF667F19D10E3F00CE8A46 /* Q2Common.h */,
				EA115028196A45A700F0D731 /* SimulatorConfig.h */,
				EA115026196A45A000F0D731 /* SimulatorConfig.cpp */,
				EA115022196A3BAA00F0D731 /* AppDelegate.h */,
				EA115020196A3B9600F0D731 /* AppDelegate.cpp */,
				161E89E2192F347100335FE2 /* QVideoPlayer.h */,
				161E89E1192F347100335FE2 /* QVideoPlayer.cpp */,
			);
			name = sources;
			path = ../../sources;
			sourceTree = "<group>";
		};
		FF038F8F1DF7EDDF00A6A9FF /* Tss */ = {
			isa = PBXGroup;
			children = (
				FF038F901DF7EDDF00A6A9FF /* libtersafe.a */,
				FF038F911DF7EDDF00A6A9FF /* tss_sdk.h */,
			);
			path = Tss;
			sourceTree = "<group>";
		};
		FF038F931DF7EDEF00A6A9FF /* tssSDK */ = {
			isa = PBXGroup;
			children = (
				FF038F941DF7EDEF00A6A9FF /* ios */,
				FF038F961DF7EDEF00A6A9FF /* QTssSDK.cpp */,
				FF038F971DF7EDEF00A6A9FF /* QTssSDK.h */,
			);
			path = tssSDK;
			sourceTree = "<group>";
		};
		FF038F941DF7EDEF00A6A9FF /* ios */ = {
			isa = PBXGroup;
			children = (
				FF038F951DF7EDEF00A6A9FF /* QTssSDKIOS.mm */,
			);
			path = ios;
			sourceTree = "<group>";
		};
/* End PBXGroup section */

/* Begin PBXNativeTarget section */
		F456ECC015EE018E00FCF3E2 /* dhh */ = {
			isa = PBXNativeTarget;
			buildConfigurationList = F456EFBD15EE019300FCF3E2 /* Build configuration list for PBXNativeTarget "dhh" */;
			buildPhases = (
				F456ECBD15EE018E00FCF3E2 /* Sources */,
				F456ECBE15EE018E00FCF3E2 /* Frameworks */,
				16D84E3E19E687B90062D627 /* ShellScript */,
				F456ECBF15EE018E00FCF3E2 /* Resources */,
			);
			buildRules = (
			);
			dependencies = (
			);
			name = dhh;
			productName = dhh;
			productReference = F456ECC115EE018E00FCF3E2 /* dhh.app */;
			productType = "com.apple.product-type.application";
		};
/* End PBXNativeTarget section */

/* Begin PBXProject section */
		F456ECB815EE018E00FCF3E2 /* Project object */ = {
			isa = PBXProject;
			attributes = {
				LastUpgradeCheck = 0800;
				TargetAttributes = {
					F456ECC015EE018E00FCF3E2 = {
						ProvisioningStyle = Manual;
						SystemCapabilities = {
							com.apple.InAppPurchase = {
								enabled = 0;
							};
							com.apple.Keychain = {
								enabled = 1;
							};
							com.apple.Push = {
								enabled = 1;
							};
						};
					};
				};
			};
			buildConfigurationList = F456ECBB15EE018E00FCF3E2 /* Build configuration list for PBXProject "dhh" */;
			compatibilityVersion = "Xcode 3.2";
			developmentRegion = English;
			hasScannedForEncodings = 0;
			knownRegions = (
				en,
				"zh-Hans",
			);
			mainGroup = F456ECB615EE018E00FCF3E2;
			productRefGroup = F456ECC215EE018E00FCF3E2 /* Products */;
			projectDirPath = "";
			projectReferences = (
				{
					ProductGroup = 41E4091C1DE2FDAD00DF0301 /* Products */;
					ProjectRef = 8F8EEE931DDDDE7700E96913 /* gameplay.xcodeproj */;
				},
				{
					ProductGroup = 41E409171DE2FDAB00DF0301 /* Products */;
					ProjectRef = 8F8EEE841DDDDD0B00E96913 /* quickcocos2dx.xcodeproj */;
				},
			);
			projectRoot = "";
			targets = (
				F456ECC015EE018E00FCF3E2 /* dhh */,
			);
		};
/* End PBXProject section */

/* Begin PBXReferenceProxy section */
		16795B9F1E55B04B005798DD /* libgameplay.a */ = {
			isa = PBXReferenceProxy;
			fileType = archive.ar;
			path = libgameplay.a;
			remoteRef = 16795B9E1E55B04B005798DD /* PBXContainerItemProxy */;
			sourceTree = BUILT_PRODUCTS_DIR;
		};
		41E4091B1DE2FDAB00DF0301 /* libquickcocos2dx.a */ = {
			isa = PBXReferenceProxy;
			fileType = archive.ar;
			path = libquickcocos2dx.a;
			remoteRef = 41E4091A1DE2FDAB00DF0301 /* PBXContainerItemProxy */;
			sourceTree = BUILT_PRODUCTS_DIR;
		};
		41E409231DE2FDAD00DF0301 /* libgameplay.a */ = {
			isa = PBXReferenceProxy;
			fileType = archive.ar;
			path = libgameplay.a;
			remoteRef = 41E409221DE2FDAD00DF0301 /* PBXContainerItemProxy */;
			sourceTree = BUILT_PRODUCTS_DIR;
		};
/* End PBXReferenceProxy section */

/* Begin PBXResourcesBuildPhase section */
		F456ECBF15EE018E00FCF3E2 /* Resources */ = {
			isa = PBXResourcesBuildPhase;
			buildActionMask = 2147483647;
			files = (
				16C9EB571E6EF8C800579B0C /* MSDKResources.bundle in Resources */,
				16CB357C1DE69876003F6E79 /* MidasIAPSDK.bundle in Resources */,
				FF038F731DF5929E00A6A9FF /* scripts in Resources */,
				8F3A93DA1DDF342000AD3375 /* icon180.png in Resources */,
				8F3A93D51DDF342000AD3375 /* icon114.png in Resources */,
				16CB355D1DE5E059003F6E79 /* WGPlatformResources.bundle in Resources */,
				FF038F711DF5929E00A6A9FF /* filelist.lua in Resources */,
				1657BA691A8C9EB600ADFD87 /* Images.xcassets in Resources */,
				EA65F5A01A8C63E50016760F /* Default-568h@2x.png in Resources */,
				8F3A93D71DDF342000AD3375 /* icon144.png in Resources */,
				1657BA731A8CA04800ADFD87 /* icon76.png in Resources */,
				8F3A93D61DDF342000AD3375 /* icon120.png in Resources */,
				8F3A93D41DDF342000AD3375 /* icon72.png in Resources */,
				8F3A93D21DDF342000AD3375 /* icon57.png in Resources */,
				EA65F5A21A8C63E50016760F /* Default@2x.png in Resources */,
				8F3A93D01DDF342000AD3375 /* Default-Landscape~ipad.png in Resources */,
				8F3A93D91DDF342000AD3375 /* icon167.png in Resources */,
				8F3A93D81DDF342000AD3375 /* icon152.png in Resources */,
				8F3A93CF1DDF342000AD3375 /* Default-Landscape@2x~ipad.png in Resources */,
				EA65F5A11A8C63E50016760F /* Default.png in Resources */,
				FF038F721DF5929E00A6A9FF /* res in Resources */,
				8F3A93D11DDF342000AD3375 /* icon29.png in Resources */,
				8F3A93D31DDF342000AD3375 /* icon58.png in Resources */,
			);
			runOnlyForDeploymentPostprocessing = 0;
		};
/* End PBXResourcesBuildPhase section */

/* Begin PBXShellScriptBuildPhase section */
		16D84E3E19E687B90062D627 /* ShellScript */ = {
			isa = PBXShellScriptBuildPhase;
			buildActionMask = 12;
			files = (
			);
			inputPaths = (
			);
			outputPaths = (
			);
			runOnlyForDeploymentPostprocessing = 0;
			shellPath = /bin/sh;
			shellScript = "";
		};
/* End PBXShellScriptBuildPhase section */

/* Begin PBXSourcesBuildPhase section */
		F456ECBD15EE018E00FCF3E2 /* Sources */ = {
			isa = PBXSourcesBuildPhase;
			buildActionMask = 2147483647;
			files = (
				161E52401E0E2412004D62AE /* QMSCSDKIOS.mm in Sources */,
				EA115027196A45A000F0D731 /* SimulatorConfig.cpp in Sources */,
				8F8EEED41DDDE39E00E96913 /* videoOverlayView.m in Sources */,
				16CB355F1DE5E059003F6E79 /* QMSDK.mm in Sources */,
				8F8EEEC31DDDE34900E96913 /* CCPlistFrame.cpp in Sources */,
				F4D26BCC16C7D0D2004442B6 /* AppController.mm in Sources */,
				8F8EEED21DDDE39E00E96913 /* CCVideoPlayerImpliOS.m in Sources */,
				F4D26BCD16C7D0D2004442B6 /* main.m in Sources */,
				161E52411E0E2412004D62AE /* QMSCSDK.cpp in Sources */,
				161E523F1E0E2412004D62AE /* QMSCSdkBridge.mm in Sources */,
				8F8EEEC01DDDE34900E96913 /* CCGameThread.cpp in Sources */,
				8F8EEED31DDDE39E00E96913 /* IOSPlayVedio.mm in Sources */,
				16CB35611DE5E059003F6E79 /* QSDKIOS.cpp in Sources */,
				8F8EEEC11DDDE34900E96913 /* CCLayer3D.cpp in Sources */,
				8F8EEEC51DDDE34900E96913 /* lua_extra.cpp in Sources */,
				16562C3F1E0968AA00D6DAD0 /* QPathUtils.mm in Sources */,
				EA115021196A3B9600F0D731 /* AppDelegate.cpp in Sources */,
				5FE3C93A1DDC31D2008EC93B /* QSDKCommon.cpp in Sources */,
				5F48CAEC1DE9838B00BE3891 /* QShareSDKIOS.mm in Sources */,
				F4D26BCE16C7D0D2004442B6 /* RootViewController.mm in Sources */,
				8F8EEEC41DDDE34900E96913 /* CCRenderTarget3D.cpp in Sources */,
				163A4D6919E7CF8D0041D4AA /* Q2Common.cpp in Sources */,
				164701FC1E2DC92900A615B7 /* AVAudioSession+AddAction.mm in Sources */,
				5F48CAF11DE9838B00BE3891 /* QShareSDK.cpp in Sources */,
				8F8EEEC61DDDE34900E96913 /* LuaGame.cpp in Sources */,
				FF038F9B1DF7EDEF00A6A9FF /* QTssSDK.cpp in Sources */,
				8F8EEEC21DDDE34900E96913 /* CCPlatform3D.cpp in Sources */,
				161E52681E0E6D86004D62AE /* SpeexCodec.mm in Sources */,
				FF038F9A1DF7EDEF00A6A9FF /* QTssSDKIOS.mm in Sources */,
				16CB35601DE5E059003F6E79 /* QMSDKBridge.mm in Sources */,
				16EF668119D10E3F00CE8A46 /* LuaQ2Common.cpp in Sources */,
				161E89E3192F347100335FE2 /* QVideoPlayer.cpp in Sources */,
				8F8EEED11DDDE39E00E96913 /* CCVideoPlayer.m in Sources */,
			);
			runOnlyForDeploymentPostprocessing = 0;
		};
/* End PBXSourcesBuildPhase section */

/* Begin XCBuildConfiguration section */
		F456EFBB15EE019300FCF3E2 /* Debug */ = {
			isa = XCBuildConfiguration;
			buildSettings = {
				CLANG_ANALYZER_LOCALIZABILITY_NONLOCALIZED = YES;
				CLANG_WARN_BOOL_CONVERSION = YES;
				CLANG_WARN_CONSTANT_CONVERSION = YES;
				CLANG_WARN_EMPTY_BODY = YES;
				CLANG_WARN_ENUM_CONVERSION = YES;
				CLANG_WARN_INFINITE_RECURSION = YES;
				CLANG_WARN_INT_CONVERSION = YES;
				CLANG_WARN_SUSPICIOUS_MOVE = YES;
				CLANG_WARN_UNREACHABLE_CODE = YES;
				CLANG_WARN__DUPLICATE_METHOD_MATCH = YES;
				CODE_SIGN_IDENTITY = "iPhone Developer: 晓鸣 陈 (9JH74G6EDX)";
				"CODE_SIGN_IDENTITY[sdk=iphoneos*]" = "iPhone Developer: 晓鸣 陈 (9JH74G6EDX)";
				ENABLE_STRICT_OBJC_MSGSEND = YES;
				ENABLE_TESTABILITY = YES;
				GCC_C_LANGUAGE_STANDARD = gnu99;
				GCC_NO_COMMON_BLOCKS = YES;
				GCC_OPTIMIZATION_LEVEL = 0;
				GCC_PREPROCESSOR_DEFINITIONS = (
					DEBUG,
					"COCOS2D_DEBUG=1",
					USE_FILE32API,
					TARGET_OS_IPHONE,
					"CC_LUA_ENGINE_ENABLED=1",
				);
				GCC_SYMBOLS_PRIVATE_EXTERN = NO;
				GCC_WARN_64_TO_32_BIT_CONVERSION = YES;
				GCC_WARN_ABOUT_RETURN_TYPE = YES;
				GCC_WARN_UNDECLARED_SELECTOR = YES;
				GCC_WARN_UNINITIALIZED_AUTOS = YES;
				GCC_WARN_UNUSED_FUNCTION = YES;
				GCC_WARN_UNUSED_VARIABLE = YES;
				HEADER_SEARCH_PATHS = (
					"\"$(QUICK_COCOS2DX_ROOT)/lib/cocos2d-x/cocos2dx\"",
					"\"$(QUICK_COCOS2DX_ROOT)/lib/cocos2d-x/cocos2dx/include\"",
					"\"$(QUICK_COCOS2DX_ROOT)/lib/cocos2d-x/cocos2dx/platform\"",
					"\"$(QUICK_COCOS2DX_ROOT)/lib/cocos2d-x/cocos2dx/platform/ios\"",
					"\"$(QUICK_COCOS2DX_ROOT)/lib/cocos2d-x/cocos2dx/platform/third_party/ios\"",
					"\"$(QUICK_COCOS2DX_ROOT)/lib/cocos2d-x/cocos2dx/kazmath/include\"",
					"\"$(QUICK_COCOS2DX_ROOT)/lib/cocos2d-x/CocosDenshion/include\"",
					"\"$(QUICK_COCOS2DX_ROOT)/lib/cocos2d-x/CocosDenshion/ios\"",
					"\"$(QUICK_COCOS2DX_ROOT)/lib/cocos2d-x/extensions\"",
					"\"$(QUICK_COCOS2DX_ROOT)/lib/cocos2d-x/extensions/GUI/CCControlExtension\"",
					"\"$(QUICK_COCOS2DX_ROOT)/lib/cocos2d-x/extensions/GUI/CCEditBox\"",
					"\"$(QUICK_COCOS2DX_ROOT)/lib/cocos2d-x/scripting/lua/cocos2dx_support\"",
					"\"$(QUICK_COCOS2DX_ROOT)/lib/cocos2d-x/scripting/lua/tolua\"",
					"\"$(QUICK_COCOS2DX_ROOT)/lib/cocos2d-x/scripting/lua/luajit/include\"",
					"\"$(QUICK_COCOS2DX_ROOT)/lib/cocos2dx_extensions_luabinding\"",
					"\"$(QUICK_COCOS2DX_ROOT)/lib/cocos2dx_extra/extra\"",
					"\"$(QUICK_COCOS2DX_ROOT)/lib/cocos2dx_extra/extra/luabinding\"",
					"\"$(QUICK_COCOS2DX_ROOT)/lib/lua_extensions\"",
					"\"$(QUICK_COCOS2DX_ROOT)/lib/lua_extensions/cjson\"",
					"\"$(QUICK_COCOS2DX_ROOT)/lib/lua_extensions/zlib\"",
					"\"$(QUICK_COCOS2DX_ROOT)/lib/third_party/chipmunk/include\"",
					"\"$(QUICK_COCOS2DX_ROOT)/lib/third_party/chipmunk/luabinding\"",
					"\"$(QUICK_COCOS2DX_ROOT)/lib/third_party/CSArmature\"",
					"\"$(QUICK_COCOS2DX_ROOT)/lib/third_party\"",
					"\"$(QUICK_COCOS2DX_ROOT)/lib/qtz_component/luasocket/include\"",
					"\"$(QUICK_COCOS2DX_ROOT)/lib/qtz_component/openssl/include\"",
				);
				IPHONEOS_DEPLOYMENT_TARGET = 8.0;
				ONLY_ACTIVE_ARCH = YES;
				SDKROOT = iphoneos;
				VALID_ARCHS = armv7;
			};
			name = Debug;
		};
		F456EFBC15EE019300FCF3E2 /* Release */ = {
			isa = XCBuildConfiguration;
			buildSettings = {
				CLANG_ANALYZER_LOCALIZABILITY_NONLOCALIZED = YES;
				CLANG_WARN_BOOL_CONVERSION = YES;
				CLANG_WARN_CONSTANT_CONVERSION = YES;
				CLANG_WARN_EMPTY_BODY = YES;
				CLANG_WARN_ENUM_CONVERSION = YES;
				CLANG_WARN_INFINITE_RECURSION = YES;
				CLANG_WARN_INT_CONVERSION = YES;
				CLANG_WARN_SUSPICIOUS_MOVE = YES;
				CLANG_WARN_UNREACHABLE_CODE = YES;
				CLANG_WARN__DUPLICATE_METHOD_MATCH = YES;
				"CODE_SIGN_IDENTITY[sdk=iphoneos*]" = "iPhone Developer";
				ENABLE_STRICT_OBJC_MSGSEND = YES;
				GCC_C_LANGUAGE_STANDARD = gnu99;
				GCC_NO_COMMON_BLOCKS = YES;
				GCC_PREPROCESSOR_DEFINITIONS = (
					NDEBUG,
					USE_FILE32API,
					TARGET_OS_IPHONE,
					"CC_LUA_ENGINE_ENABLED=1",
				);
				GCC_WARN_64_TO_32_BIT_CONVERSION = YES;
				GCC_WARN_ABOUT_RETURN_TYPE = YES;
				GCC_WARN_UNDECLARED_SELECTOR = YES;
				GCC_WARN_UNINITIALIZED_AUTOS = YES;
				GCC_WARN_UNUSED_FUNCTION = YES;
				GCC_WARN_UNUSED_VARIABLE = YES;
				HEADER_SEARCH_PATHS = (
					"\"$(QUICK_COCOS2DX_ROOT)/lib/cocos2d-x/cocos2dx\"",
					"\"$(QUICK_COCOS2DX_ROOT)/lib/cocos2d-x/cocos2dx/include\"",
					"\"$(QUICK_COCOS2DX_ROOT)/lib/cocos2d-x/cocos2dx/platform\"",
					"\"$(QUICK_COCOS2DX_ROOT)/lib/cocos2d-x/cocos2dx/platform/ios\"",
					"\"$(QUICK_COCOS2DX_ROOT)/lib/cocos2d-x/cocos2dx/platform/third_party/ios\"",
					"\"$(QUICK_COCOS2DX_ROOT)/lib/cocos2d-x/cocos2dx/kazmath/include\"",
					"\"$(QUICK_COCOS2DX_ROOT)/lib/cocos2d-x/CocosDenshion/include\"",
					"\"$(QUICK_COCOS2DX_ROOT)/lib/cocos2d-x/CocosDenshion/ios\"",
					"\"$(QUICK_COCOS2DX_ROOT)/lib/cocos2d-x/extensions\"",
					"\"$(QUICK_COCOS2DX_ROOT)/lib/cocos2d-x/extensions/GUI/CCControlExtension\"",
					"\"$(QUICK_COCOS2DX_ROOT)/lib/cocos2d-x/extensions/GUI/CCEditBox\"",
					"\"$(QUICK_COCOS2DX_ROOT)/lib/cocos2d-x/scripting/lua/cocos2dx_support\"",
					"\"$(QUICK_COCOS2DX_ROOT)/lib/cocos2d-x/scripting/lua/tolua\"",
					"\"$(QUICK_COCOS2DX_ROOT)/lib/cocos2d-x/scripting/lua/luajit/include\"",
					"\"$(QUICK_COCOS2DX_ROOT)/lib/cocos2dx_extensions_luabinding\"",
					"\"$(QUICK_COCOS2DX_ROOT)/lib/cocos2dx_extra/extra\"",
					"\"$(QUICK_COCOS2DX_ROOT)/lib/cocos2dx_extra/extra/luabinding\"",
					"\"$(QUICK_COCOS2DX_ROOT)/lib/lua_extensions\"",
					"\"$(QUICK_COCOS2DX_ROOT)/lib/lua_extensions/cjson\"",
					"\"$(QUICK_COCOS2DX_ROOT)/lib/lua_extensions/zlib\"",
					"\"$(QUICK_COCOS2DX_ROOT)/lib/third_party/chipmunk/include\"",
					"\"$(QUICK_COCOS2DX_ROOT)/lib/third_party/chipmunk/luabinding\"",
					"\"$(QUICK_COCOS2DX_ROOT)/lib/third_party/CSArmature\"",
					"\"$(QUICK_COCOS2DX_ROOT)/lib/third_party\"",
					"\"$(QUICK_COCOS2DX_ROOT)/lib/qtz_component/luasocket/include\"",
					"\"$(QUICK_COCOS2DX_ROOT)/lib/qtz_component/openssl/include\"",
				);
				IPHONEOS_DEPLOYMENT_TARGET = 8.0;
				OTHER_CFLAGS = "-DNS_BLOCK_ASSERTIONS=1";
				SDKROOT = iphoneos;
				VALID_ARCHS = armv7;
			};
			name = Release;
		};
		F456EFBE15EE019300FCF3E2 /* Debug */ = {
			isa = XCBuildConfiguration;
			buildSettings = {
				ALWAYS_SEARCH_USER_PATHS = YES;
				ASSETCATALOG_COMPILER_LAUNCHIMAGE_NAME = LaunchImage;
				CLANG_CXX_LANGUAGE_STANDARD = "c++0x";
				CLANG_CXX_LIBRARY = "libc++";
				CLANG_ENABLE_OBJC_ARC = NO;
				CODE_SIGN_ENTITLEMENTS = dhh/dhh.entitlements;
				CODE_SIGN_IDENTITY = "iPhone Developer: chen kexi (M66283E86P)";
				"CODE_SIGN_IDENTITY[sdk=iphoneos*]" = "iPhone Developer";
				CODE_SIGN_RESOURCE_RULES_PATH = "$(SDKROOT)/ResourceRules.plist";
				COPY_PHASE_STRIP = NO;
				DEVELOPMENT_TEAM = "";
				ENABLE_BITCODE = NO;
				FRAMEWORK_SEARCH_PATHS = (
					"$(inherited)",
					"\"$(PROJECT_DIR)/../sources/sdk/ios/MSDK/MSDKFoundation\"",
					"\"$(PROJECT_DIR)/../sources/sdk/ios/MSDK/MSDK\"",
					"\"$(PROJECT_DIR)/../sources/sdk/ios/MSDK/MSDKMarketing\"",
					"\"$(PROJECT_DIR)/../sources/sdk/ios/MSDK/MSDKXG\"",
					"\"$(PROJECT_DIR)/../sources/sdk/ios/Midas\"",
					"\"$(PROJECT_DIR)/../sources/sdk/ios/MSC\"",
				);
				GCC_DYNAMIC_NO_PIC = NO;
				GCC_INLINES_ARE_PRIVATE_EXTERN = NO;
				GCC_PRECOMPILE_PREFIX_HEADER = YES;
				GCC_PREFIX_HEADER = dhh/Prefix.pch;
				GCC_PREPROCESSOR_DEFINITIONS = (
					DEBUG,
					"COCOS2D_DEBUG=1",
					USE_FILE32API,
					CC_TARGET_OS_IPHONE,
					"CC_LUA_ENGINE_ENABLED=1",
					QPLATFORM_MSDK,
				);
				GCC_SYMBOLS_PRIVATE_EXTERN = NO;
				"GCC_THUMB_SUPPORT[arch=armv6]" = "";
				HEADER_SEARCH_PATHS = (
					"\"$(QUICK_COCOS2DX_ROOT)/lib/cocos2d-x/cocos2dx\"",
					"\"$(QUICK_COCOS2DX_ROOT)/lib/cocos2d-x/cocos2dx/include\"",
					"\"$(QUICK_COCOS2DX_ROOT)/lib/cocos2d-x/cocos2dx/platform\"",
					"\"$(QUICK_COCOS2DX_ROOT)/lib/cocos2d-x/cocos2dx/platform/ios\"",
					"\"$(QUICK_COCOS2DX_ROOT)/lib/cocos2d-x/cocos2dx/platform/third_party/ios\"",
					"\"$(QUICK_COCOS2DX_ROOT)/lib/cocos2d-x/cocos2dx/kazmath/include\"",
					"\"$(QUICK_COCOS2DX_ROOT)/lib/cocos2d-x/extensions\"",
					"\"$(QUICK_COCOS2DX_ROOT)/lib/cocos2d-x/extensions/GUI/CCControlExtension\"",
					"\"$(QUICK_COCOS2DX_ROOT)/lib/cocos2d-x/extensions/GUI/CCEditBox\"",
					"\"$(QUICK_COCOS2DX_ROOT)/lib/cocos2d-x/scripting/lua/cocos2dx_support\"",
					"\"$(QUICK_COCOS2DX_ROOT)/lib/cocos2d-x/scripting/lua/tolua\"",
					"\"$(QUICK_COCOS2DX_ROOT)/lib/cocos2d-x/scripting/lua/lua/src\"",
					"\"$(QUICK_COCOS2DX_ROOT)/lib/cocos2dx_extensions_luabinding\"",
					"\"$(QUICK_COCOS2DX_ROOT)/lib/cocos2dx_extra/extra\"",
					"\"$(QUICK_COCOS2DX_ROOT)/lib/cocos2dx_extra/extra/luabinding\"",
					"\"$(QUICK_COCOS2DX_ROOT)/lib/lua_extensions\"",
					"\"$(QUICK_COCOS2DX_ROOT)/lib/lua_extensions/cjson\"",
					"\"$(QUICK_COCOS2DX_ROOT)/lib/lua_extensions/zlib\"",
					"\"$(QUICK_COCOS2DX_ROOT)/lib/third_party/chipmunk/include\"",
					"\"$(QUICK_COCOS2DX_ROOT)/lib/third_party/chipmunk/luabinding\"",
					"\"$(QUICK_COCOS2DX_ROOT)/lib/third_party/CSArmature\"",
					"\"$(QUICK_COCOS2DX_ROOT)/lib/third_party\"",
					"\"$(QUICK_COCOS2DX_ROOT)/lib/GamePlay-master/gameplay/src\"",
					"\"$(QUICK_COCOS2DX_ROOT)/lib/gameplay-external-deps/bullet/include\"",
					"\"$(QUICK_COCOS2DX_ROOT)/lib/gameplay-external-deps/oggvorbis/include\"",
					"\"$(QUICK_COCOS2DX_ROOT)/lib/gameplay-external-deps/png/include\"",
					"\"$(QUICK_COCOS2DX_ROOT)/lib/qtz_component/castar/include\"",
					"\"$(QUICK_COCOS2DX_ROOT)/lib/qtz_component/luaHttp/include\"",
					"\"$(QUICK_COCOS2DX_ROOT)/lib/qtz_component/luasocket_encrypt/include\"",
					"\"$(QUICK_COCOS2DX_ROOT)/lib/qtz_component/libevent/ios/include\"",
					"\"$(QUICK_COCOS2DX_ROOT)/lib/qtz_component/regx/include\"",
					"\"$(QUICK_COCOS2DX_ROOT)/lib/qtz_component/gameplay\"",
					"\"$(QUICK_COCOS2DX_ROOT)/lib/qtz_component/video/ios\"",
					"\"$(QUICK_COCOS2DX_ROOT)/lib/qtz_component/qtz_util/include\"",
					"\"$(PROJECT_DIR)/../sources/mscSDK/ios/speex/libspeex/include\"",
				);
				INFOPLIST_FILE = dhh/Resources/Info.plist;
				IPHONEOS_DEPLOYMENT_TARGET = 8.0;
				LIBRARY_SEARCH_PATHS = (
					"\"$(QUICK_COCOS2DX_ROOT)/lib/gameplay-external-deps/png/lib/ios/armv7\"",
					"\"$(QUICK_COCOS2DX_ROOT)/lib/qtz_component/libevent/ios/lib\"",
					"\"$(QUICK_COCOS2DX_ROOT)/lib/qtz_component/pcre/ios\"",
					"\"$(QUICK_COCOS2DX_ROOT)/lib/cocos2d-x/cocos2dx/platform/third_party/ios/libraries\"",
					"\"$(QUICK_COCOS2DX_ROOT)/lib/gameplay-external-deps/bullet/lib/ios/arm64\"",
					"\"$(QUICK_COCOS2DX_ROOT)/lib/cocos2d-x/cocos2dx/platform/third_party/ios/libraries\"",
					"\"$(QUICK_COCOS2DX_ROOT)/lib/qtz_component/openssl/ios\"",
					"\"$(PROJECT_DIR)/../sources/sdk/ios/Midas/Interface/lib\"",
					"\"$(PROJECT_DIR)/../sources/sdk/ios/Tss/\"",
					"\"$(PROJECT_DIR)/../sources/sdk/ios/MSC/\"",
					"\"$(PROJECT_DIR)/../sources/mscSDK/ios/speex/libspeex\"",
					"\"$(PROJECT_DIR)/../sources/mscSDK/ios/speex/libogg\"",
				);
				ONLY_ACTIVE_ARCH = NO;
				OTHER_LDFLAGS = (
					"-lxml2",
					"-lz",
					"-ObjC",
				);
				PRODUCT_BUNDLE_IDENTIFIER = com.qtz.game.dhh.tencentdist;
				PRODUCT_NAME = "$(TARGET_NAME)";
				PROVISIONING_PROFILE = "";
				PROVISIONING_PROFILE_SPECIFIER = "";
				SDKROOT = iphoneos;
				TARGETED_DEVICE_FAMILY = "1,2";
				VALID_ARCHS = "armv7 arm64";
				WRAPPER_EXTENSION = app;
			};
			name = Debug;
		};
		F456EFBF15EE019300FCF3E2 /* Release */ = {
			isa = XCBuildConfiguration;
			buildSettings = {
				ALWAYS_SEARCH_USER_PATHS = YES;
				ASSETCATALOG_COMPILER_LAUNCHIMAGE_NAME = LaunchImage;
				CLANG_CXX_LANGUAGE_STANDARD = "c++0x";
				CLANG_CXX_LIBRARY = "libc++";
				CLANG_ENABLE_OBJC_ARC = NO;
				CODE_SIGN_ENTITLEMENTS = dhh/dhh.entitlements;
				CODE_SIGN_IDENTITY = "iPhone Distribution: Guangzhou Qingtianzhu Network Technology Co.,Ltd.";
				"CODE_SIGN_IDENTITY[sdk=iphoneos*]" = "iPhone Developer";
				CODE_SIGN_RESOURCE_RULES_PATH = "$(SDKROOT)/ResourceRules.plist";
				COPY_PHASE_STRIP = YES;
				DEVELOPMENT_TEAM = "";
				ENABLE_BITCODE = NO;
				FRAMEWORK_SEARCH_PATHS = (
					"$(inherited)",
					"\"$(PROJECT_DIR)/../sources/sdk/ios/MSDK/MSDKFoundation\"",
					"\"$(PROJECT_DIR)/../sources/sdk/ios/MSDK/MSDK\"",
					"\"$(PROJECT_DIR)/../sources/sdk/ios/MSDK/MSDKMarketing\"",
					"\"$(PROJECT_DIR)/../sources/sdk/ios/MSDK/MSDKXG\"",
					"\"$(PROJECT_DIR)/../sources/sdk/ios/Midas\"",
					"\"$(PROJECT_DIR)/../sources/sdk/ios/MSC\"",
				);
				GCC_INLINES_ARE_PRIVATE_EXTERN = NO;
				GCC_OPTIMIZATION_LEVEL = 0;
				GCC_PRECOMPILE_PREFIX_HEADER = YES;
				GCC_PREFIX_HEADER = dhh/Prefix.pch;
				GCC_PREPROCESSOR_DEFINITIONS = (
					NDEBUG,
					USE_FILE32API,
					CC_TARGET_OS_IPHONE,
					"CC_LUA_ENGINE_ENABLED=1",
					QPLATFORM_MSDK,
				);
				GCC_SYMBOLS_PRIVATE_EXTERN = NO;
				"GCC_THUMB_SUPPORT[arch=armv6]" = "";
				HEADER_SEARCH_PATHS = (
					"\"$(QUICK_COCOS2DX_ROOT)/lib/cocos2d-x/cocos2dx\"",
					"\"$(QUICK_COCOS2DX_ROOT)/lib/cocos2d-x/cocos2dx/include\"",
					"\"$(QUICK_COCOS2DX_ROOT)/lib/cocos2d-x/cocos2dx/platform\"",
					"\"$(QUICK_COCOS2DX_ROOT)/lib/cocos2d-x/cocos2dx/platform/ios\"",
					"\"$(QUICK_COCOS2DX_ROOT)/lib/cocos2d-x/cocos2dx/platform/third_party/ios\"",
					"\"$(QUICK_COCOS2DX_ROOT)/lib/cocos2d-x/cocos2dx/kazmath/include\"",
					"\"$(QUICK_COCOS2DX_ROOT)/lib/cocos2d-x/extensions\"",
					"\"$(QUICK_COCOS2DX_ROOT)/lib/cocos2d-x/extensions/GUI/CCControlExtension\"",
					"\"$(QUICK_COCOS2DX_ROOT)/lib/cocos2d-x/extensions/GUI/CCEditBox\"",
					"\"$(QUICK_COCOS2DX_ROOT)/lib/cocos2d-x/scripting/lua/cocos2dx_support\"",
					"\"$(QUICK_COCOS2DX_ROOT)/lib/cocos2d-x/scripting/lua/tolua\"",
					"\"$(QUICK_COCOS2DX_ROOT)/lib/cocos2d-x/scripting/lua/lua/src\"",
					"\"$(QUICK_COCOS2DX_ROOT)/lib/cocos2dx_extensions_luabinding\"",
					"\"$(QUICK_COCOS2DX_ROOT)/lib/cocos2dx_extra/extra\"",
					"\"$(QUICK_COCOS2DX_ROOT)/lib/cocos2dx_extra/extra/luabinding\"",
					"\"$(QUICK_COCOS2DX_ROOT)/lib/lua_extensions\"",
					"\"$(QUICK_COCOS2DX_ROOT)/lib/lua_extensions/cjson\"",
					"\"$(QUICK_COCOS2DX_ROOT)/lib/lua_extensions/zlib\"",
					"\"$(QUICK_COCOS2DX_ROOT)/lib/third_party/chipmunk/include\"",
					"\"$(QUICK_COCOS2DX_ROOT)/lib/third_party/chipmunk/luabinding\"",
					"\"$(QUICK_COCOS2DX_ROOT)/lib/third_party/CSArmature\"",
					"\"$(QUICK_COCOS2DX_ROOT)/lib/third_party\"",
					"\"$(QUICK_COCOS2DX_ROOT)/lib/GamePlay-master/gameplay/src\"",
					"\"$(QUICK_COCOS2DX_ROOT)/lib/gameplay-external-deps/bullet/include\"",
					"\"$(QUICK_COCOS2DX_ROOT)/lib/gameplay-external-deps/oggvorbis/include\"",
					"\"$(QUICK_COCOS2DX_ROOT)/lib/gameplay-external-deps/png/include\"",
					"\"$(QUICK_COCOS2DX_ROOT)/lib/qtz_component/castar/include\"",
					"\"$(QUICK_COCOS2DX_ROOT)/lib/qtz_component/luaHttp/include\"",
					"\"$(QUICK_COCOS2DX_ROOT)/lib/qtz_component/luasocket_encrypt/include\"",
					"\"$(QUICK_COCOS2DX_ROOT)/lib/qtz_component/libevent/ios/include\"",
					"\"$(QUICK_COCOS2DX_ROOT)/lib/qtz_component/regx/include\"",
					"\"$(QUICK_COCOS2DX_ROOT)/lib/qtz_component/gameplay\"",
					"\"$(QUICK_COCOS2DX_ROOT)/lib/qtz_component/video/ios\"",
					"\"$(QUICK_COCOS2DX_ROOT)/lib/qtz_component/qtz_util/include\"",
					"\"$(PROJECT_DIR)/../sources/mscSDK/ios/speex/libspeex/include\"",
				);
				INFOPLIST_FILE = dhh/Resources/Info.plist;
				IPHONEOS_DEPLOYMENT_TARGET = 8.0;
				LIBRARY_SEARCH_PATHS = (
					"\"$(QUICK_COCOS2DX_ROOT)/lib/gameplay-external-deps/png/lib/ios/armv7\"",
					"\"$(QUICK_COCOS2DX_ROOT)/lib/qtz_component/libevent/ios/lib\"",
					"\"$(QUICK_COCOS2DX_ROOT)/lib/qtz_component/pcre/ios\"",
					"\"$(QUICK_COCOS2DX_ROOT)/lib/cocos2d-x/cocos2dx/platform/third_party/ios/libraries\"",
					"\"$(QUICK_COCOS2DX_ROOT)/lib/gameplay-external-deps/bullet/lib/ios/arm64\"",
					"\"$(QUICK_COCOS2DX_ROOT)/lib/cocos2d-x/cocos2dx/platform/third_party/ios/libraries\"",
					"\"$(QUICK_COCOS2DX_ROOT)/lib/qtz_component/openssl/ios\"",
					"\"$(PROJECT_DIR)/../sources/sdk/ios/Midas/Interface/lib\"",
					"\"$(PROJECT_DIR)/../sources/sdk/ios/Tss/\"",
					"\"$(PROJECT_DIR)/../sources/sdk/ios/MSC/\"",
					"\"$(PROJECT_DIR)/../sources/mscSDK/ios/speex/libspeex\"",
					"\"$(PROJECT_DIR)/../sources/mscSDK/ios/speex/libogg\"",
				);
				ONLY_ACTIVE_ARCH = NO;
				OTHER_LDFLAGS = (
					"-lxml2",
					"-lz",
					"-ObjC",
				);
				PRODUCT_BUNDLE_IDENTIFIER = com.qtz.game.dhh.tencentdist;
				PRODUCT_NAME = "$(TARGET_NAME)";
				PROVISIONING_PROFILE = "";
				PROVISIONING_PROFILE_SPECIFIER = "";
				SDKROOT = iphoneos;
				TARGETED_DEVICE_FAMILY = "1,2";
				VALIDATE_PRODUCT = YES;
				VALID_ARCHS = "armv7 arm64";
				WRAPPER_EXTENSION = app;
			};
			name = Release;
		};
/* End XCBuildConfiguration section */

/* Begin XCConfigurationList section */
		F456ECBB15EE018E00FCF3E2 /* Build configuration list for PBXProject "dhh" */ = {
			isa = XCConfigurationList;
			buildConfigurations = (
				F456EFBB15EE019300FCF3E2 /* Debug */,
				F456EFBC15EE019300FCF3E2 /* Release */,
			);
			defaultConfigurationIsVisible = 0;
			defaultConfigurationName = Release;
		};
		F456EFBD15EE019300FCF3E2 /* Build configuration list for PBXNativeTarget "dhh" */ = {
			isa = XCConfigurationList;
			buildConfigurations = (
				F456EFBE15EE019300FCF3E2 /* Debug */,
				F456EFBF15EE019300FCF3E2 /* Release */,
			);
			defaultConfigurationIsVisible = 0;
			defaultConfigurationName = Release;
		};
/* End XCConfigurationList section */
	};
	rootObject = F456ECB815EE018E00FCF3E2 /* Project object */;
}
